// !$*UTF8*$!
{
	archiveVersion = 1;
	classes = {
	};
	objectVersion = 56;
	objects = {

/* Begin PBXBuildFile section */
		A126C9E12B1A02B3005A5D17 /* SnapshotTesting in Frameworks */ = {isa = PBXBuildFile; productRef = A126C9E02B1A02B3005A5D17 /* SnapshotTesting */; };
		A126C9E42B1A1176005A5D17 /* UserCellViewTest.swift in Sources */ = {isa = PBXBuildFile; fileRef = A126C9E32B1A1176005A5D17 /* UserCellViewTest.swift */; };
		A133EFFE2B19AD70002A97A5 /* GetUsersUseCaseTest.swift in Sources */ = {isa = PBXBuildFile; fileRef = A133EFFD2B19AD70002A97A5 /* GetUsersUseCaseTest.swift */; };
		A1D4084C2B19C5D800B6BA22 /* DashboUsersViewModelTest.swift in Sources */ = {isa = PBXBuildFile; fileRef = A1D4084B2B19C5D800B6BA22 /* DashboUsersViewModelTest.swift */; };
		A1F131522B19944B00059BBE /* RandomUserPhoneApp.swift in Sources */ = {isa = PBXBuildFile; fileRef = A1F131512B19944B00059BBE /* RandomUserPhoneApp.swift */; };
		A1F131562B19944C00059BBE /* Assets.xcassets in Resources */ = {isa = PBXBuildFile; fileRef = A1F131552B19944C00059BBE /* Assets.xcassets */; };
		A1F131592B19944C00059BBE /* Preview Assets.xcassets in Resources */ = {isa = PBXBuildFile; fileRef = A1F131582B19944C00059BBE /* Preview Assets.xcassets */; };
		A1F131B22B19954400059BBE /* EnvironmentProperty.swift in Sources */ = {isa = PBXBuildFile; fileRef = A1F1317E2B19954400059BBE /* EnvironmentProperty.swift */; };
		A1F131B32B19954400059BBE /* LocalFileManager.swift in Sources */ = {isa = PBXBuildFile; fileRef = A1F131802B19954400059BBE /* LocalFileManager.swift */; };
		A1F131B42B19954400059BBE /* UserPersistenceManager.swift in Sources */ = {isa = PBXBuildFile; fileRef = A1F131812B19954400059BBE /* UserPersistenceManager.swift */; };
		A1F131B52B19954400059BBE /* UserPersistenceModel.swift in Sources */ = {isa = PBXBuildFile; fileRef = A1F131832B19954400059BBE /* UserPersistenceModel.swift */; };
		A1F131B62B19954400059BBE /* ListResponseDTO.swift in Sources */ = {isa = PBXBuildFile; fileRef = A1F131882B19954400059BBE /* ListResponseDTO.swift */; };
		A1F131B72B19954400059BBE /* ListRequestDTO.swift in Sources */ = {isa = PBXBuildFile; fileRef = A1F131892B19954400059BBE /* ListRequestDTO.swift */; };
		A1F131B82B19954400059BBE /* GetUsersUsaCase.swift in Sources */ = {isa = PBXBuildFile; fileRef = A1F1318B2B19954400059BBE /* GetUsersUsaCase.swift */; };
		A1F131B92B19954400059BBE /* SplashView.swift in Sources */ = {isa = PBXBuildFile; fileRef = A1F1318F2B19954400059BBE /* SplashView.swift */; };
		A1F131BA2B19954400059BBE /* DashboUsersViewModel.swift in Sources */ = {isa = PBXBuildFile; fileRef = A1F131922B19954400059BBE /* DashboUsersViewModel.swift */; };
		A1F131BB2B19954400059BBE /* Users.swift in Sources */ = {isa = PBXBuildFile; fileRef = A1F131942B19954400059BBE /* Users.swift */; };
		A1F131BC2B19954400059BBE /* Status.swift in Sources */ = {isa = PBXBuildFile; fileRef = A1F131952B19954400059BBE /* Status.swift */; };
		A1F131BD2B19954400059BBE /* UserCellView.swift in Sources */ = {isa = PBXBuildFile; fileRef = A1F131972B19954400059BBE /* UserCellView.swift */; };
		A1F131BE2B19954400059BBE /* DashboUsersView.swift in Sources */ = {isa = PBXBuildFile; fileRef = A1F131982B19954400059BBE /* DashboUsersView.swift */; };
		A1F131BF2B19954400059BBE /* DetailUserView.swift in Sources */ = {isa = PBXBuildFile; fileRef = A1F1319B2B19954400059BBE /* DetailUserView.swift */; };
		A1F131C02B19954400059BBE /* loading-animation.json in Resources */ = {isa = PBXBuildFile; fileRef = A1F1319D2B19954400059BBE /* loading-animation.json */; };
		A1F131C12B19954400059BBE /* splash-animation.json in Resources */ = {isa = PBXBuildFile; fileRef = A1F1319E2B19954400059BBE /* splash-animation.json */; };
		A1F131C22B19954400059BBE /* DispatchQueue+Extension.swift in Sources */ = {isa = PBXBuildFile; fileRef = A1F131A02B19954400059BBE /* DispatchQueue+Extension.swift */; };
		A1F131C32B19954400059BBE /* String+Extension.swift in Sources */ = {isa = PBXBuildFile; fileRef = A1F131A12B19954400059BBE /* String+Extension.swift */; };
		A1F131C42B19954400059BBE /* DateFormatter+Extension.swift in Sources */ = {isa = PBXBuildFile; fileRef = A1F131A22B19954400059BBE /* DateFormatter+Extension.swift */; };
		A1F131C52B19954400059BBE /* Color+Extension.swift in Sources */ = {isa = PBXBuildFile; fileRef = A1F131A32B19954400059BBE /* Color+Extension.swift */; };
		A1F131C62B19954400059BBE /* Constants.swift in Sources */ = {isa = PBXBuildFile; fileRef = A1F131A52B19954400059BBE /* Constants.swift */; };
		A1F131C72B19954400059BBE /* ErrorGeneric.swift in Sources */ = {isa = PBXBuildFile; fileRef = A1F131A62B19954400059BBE /* ErrorGeneric.swift */; };
		A1F131C82B19954400059BBE /* Utilities.swift in Sources */ = {isa = PBXBuildFile; fileRef = A1F131A72B19954400059BBE /* Utilities.swift */; };
		A1F131C92B19954400059BBE /* NetworkManager.swift in Sources */ = {isa = PBXBuildFile; fileRef = A1F131A92B19954400059BBE /* NetworkManager.swift */; };
		A1F131CA2B19954400059BBE /* NetworkGeneric.swift in Sources */ = {isa = PBXBuildFile; fileRef = A1F131AA2B19954400059BBE /* NetworkGeneric.swift */; };
		A1F131CB2B19954400059BBE /* NetworkUtilities.swift in Sources */ = {isa = PBXBuildFile; fileRef = A1F131AB2B19954400059BBE /* NetworkUtilities.swift */; };
		A1F131CC2B19954400059BBE /* FooterView.swift in Sources */ = {isa = PBXBuildFile; fileRef = A1F131AD2B19954400059BBE /* FooterView.swift */; };
		A1F131CD2B19954400059BBE /* LottieView.swift in Sources */ = {isa = PBXBuildFile; fileRef = A1F131AE2B19954400059BBE /* LottieView.swift */; };
		A1F131CF2B19956400059BBE /* randomuser.json in Resources */ = {isa = PBXBuildFile; fileRef = A1F131CE2B19956400059BBE /* randomuser.json */; };
		A1F131D22B19969D00059BBE /* Kingfisher in Frameworks */ = {isa = PBXBuildFile; productRef = A1F131D12B19969D00059BBE /* Kingfisher */; };
		A1F131D42B1996A100059BBE /* Lottie in Frameworks */ = {isa = PBXBuildFile; productRef = A1F131D32B1996A100059BBE /* Lottie */; };
/* End PBXBuildFile section */

/* Begin PBXContainerItemProxy section */
		A126C9DB2B1A0264005A5D17 /* PBXContainerItemProxy */ = {
			isa = PBXContainerItemProxy;
			containerPortal = A1F130BF2B19939100059BBE /* Project object */;
			proxyType = 1;
			remoteGlobalIDString = A1F1314E2B19944B00059BBE;
			remoteInfo = RandomUserPhone;
		};
		A1F1315F2B19944C00059BBE /* PBXContainerItemProxy */ = {
			isa = PBXContainerItemProxy;
			containerPortal = A1F130BF2B19939100059BBE /* Project object */;
			proxyType = 1;
			remoteGlobalIDString = A1F1314E2B19944B00059BBE;
			remoteInfo = RandomUserPhone;
		};
/* End PBXContainerItemProxy section */

/* Begin PBXFileReference section */
		A126C9D72B1A0264005A5D17 /* RandomUserPhoneSnapshotTests.xctest */ = {isa = PBXFileReference; explicitFileType = wrapper.cfbundle; includeInIndex = 0; path = RandomUserPhoneSnapshotTests.xctest; sourceTree = BUILT_PRODUCTS_DIR; };
		A126C9E32B1A1176005A5D17 /* UserCellViewTest.swift */ = {isa = PBXFileReference; lastKnownFileType = sourcecode.swift; path = UserCellViewTest.swift; sourceTree = "<group>"; };
		A133EFFD2B19AD70002A97A5 /* GetUsersUseCaseTest.swift */ = {isa = PBXFileReference; fileEncoding = 4; lastKnownFileType = sourcecode.swift; path = GetUsersUseCaseTest.swift; sourceTree = "<group>"; };
		A1D4084B2B19C5D800B6BA22 /* DashboUsersViewModelTest.swift */ = {isa = PBXFileReference; lastKnownFileType = sourcecode.swift; path = DashboUsersViewModelTest.swift; sourceTree = "<group>"; };
		A1F1314F2B19944B00059BBE /* RandomUserPhone.app */ = {isa = PBXFileReference; explicitFileType = wrapper.application; includeInIndex = 0; path = RandomUserPhone.app; sourceTree = BUILT_PRODUCTS_DIR; };
		A1F131512B19944B00059BBE /* RandomUserPhoneApp.swift */ = {isa = PBXFileReference; lastKnownFileType = sourcecode.swift; path = RandomUserPhoneApp.swift; sourceTree = "<group>"; };
		A1F131552B19944C00059BBE /* Assets.xcassets */ = {isa = PBXFileReference; lastKnownFileType = folder.assetcatalog; path = Assets.xcassets; sourceTree = "<group>"; };
		A1F131582B19944C00059BBE /* Preview Assets.xcassets */ = {isa = PBXFileReference; lastKnownFileType = folder.assetcatalog; path = "Preview Assets.xcassets"; sourceTree = "<group>"; };
		A1F1315E2B19944C00059BBE /* RandomUserPhoneTests.xctest */ = {isa = PBXFileReference; explicitFileType = wrapper.cfbundle; includeInIndex = 0; path = RandomUserPhoneTests.xctest; sourceTree = BUILT_PRODUCTS_DIR; };
		A1F131792B19954400059BBE /* Info.plist */ = {isa = PBXFileReference; fileEncoding = 4; lastKnownFileType = text.plist.xml; path = Info.plist; sourceTree = "<group>"; };
		A1F1317C2B19954400059BBE /* Debug.xcconfig */ = {isa = PBXFileReference; fileEncoding = 4; lastKnownFileType = text.xcconfig; path = Debug.xcconfig; sourceTree = "<group>"; };
		A1F1317D2B19954400059BBE /* Release.xcconfig */ = {isa = PBXFileReference; fileEncoding = 4; lastKnownFileType = text.xcconfig; path = Release.xcconfig; sourceTree = "<group>"; };
		A1F1317E2B19954400059BBE /* EnvironmentProperty.swift */ = {isa = PBXFileReference; fileEncoding = 4; lastKnownFileType = sourcecode.swift; path = EnvironmentProperty.swift; sourceTree = "<group>"; };
		A1F131802B19954400059BBE /* LocalFileManager.swift */ = {isa = PBXFileReference; fileEncoding = 4; lastKnownFileType = sourcecode.swift; path = LocalFileManager.swift; sourceTree = "<group>"; };
		A1F131812B19954400059BBE /* UserPersistenceManager.swift */ = {isa = PBXFileReference; fileEncoding = 4; lastKnownFileType = sourcecode.swift; path = UserPersistenceManager.swift; sourceTree = "<group>"; };
		A1F131832B19954400059BBE /* UserPersistenceModel.swift */ = {isa = PBXFileReference; fileEncoding = 4; lastKnownFileType = sourcecode.swift; path = UserPersistenceModel.swift; sourceTree = "<group>"; };
		A1F131882B19954400059BBE /* ListResponseDTO.swift */ = {isa = PBXFileReference; fileEncoding = 4; lastKnownFileType = sourcecode.swift; path = ListResponseDTO.swift; sourceTree = "<group>"; };
		A1F131892B19954400059BBE /* ListRequestDTO.swift */ = {isa = PBXFileReference; fileEncoding = 4; lastKnownFileType = sourcecode.swift; path = ListRequestDTO.swift; sourceTree = "<group>"; };
		A1F1318B2B19954400059BBE /* GetUsersUsaCase.swift */ = {isa = PBXFileReference; fileEncoding = 4; lastKnownFileType = sourcecode.swift; path = GetUsersUsaCase.swift; sourceTree = "<group>"; };
		A1F1318F2B19954400059BBE /* SplashView.swift */ = {isa = PBXFileReference; fileEncoding = 4; lastKnownFileType = sourcecode.swift; path = SplashView.swift; sourceTree = "<group>"; };
		A1F131922B19954400059BBE /* DashboUsersViewModel.swift */ = {isa = PBXFileReference; fileEncoding = 4; lastKnownFileType = sourcecode.swift; path = DashboUsersViewModel.swift; sourceTree = "<group>"; };
		A1F131942B19954400059BBE /* Users.swift */ = {isa = PBXFileReference; fileEncoding = 4; lastKnownFileType = sourcecode.swift; path = Users.swift; sourceTree = "<group>"; };
		A1F131952B19954400059BBE /* Status.swift */ = {isa = PBXFileReference; fileEncoding = 4; lastKnownFileType = sourcecode.swift; path = Status.swift; sourceTree = "<group>"; };
		A1F131972B19954400059BBE /* UserCellView.swift */ = {isa = PBXFileReference; fileEncoding = 4; lastKnownFileType = sourcecode.swift; path = UserCellView.swift; sourceTree = "<group>"; };
		A1F131982B19954400059BBE /* DashboUsersView.swift */ = {isa = PBXFileReference; fileEncoding = 4; lastKnownFileType = sourcecode.swift; path = DashboUsersView.swift; sourceTree = "<group>"; };
		A1F1319B2B19954400059BBE /* DetailUserView.swift */ = {isa = PBXFileReference; fileEncoding = 4; lastKnownFileType = sourcecode.swift; path = DetailUserView.swift; sourceTree = "<group>"; };
		A1F1319D2B19954400059BBE /* loading-animation.json */ = {isa = PBXFileReference; fileEncoding = 4; lastKnownFileType = text.json; path = "loading-animation.json"; sourceTree = "<group>"; };
		A1F1319E2B19954400059BBE /* splash-animation.json */ = {isa = PBXFileReference; fileEncoding = 4; lastKnownFileType = text.json; path = "splash-animation.json"; sourceTree = "<group>"; };
		A1F131A02B19954400059BBE /* DispatchQueue+Extension.swift */ = {isa = PBXFileReference; fileEncoding = 4; lastKnownFileType = sourcecode.swift; path = "DispatchQueue+Extension.swift"; sourceTree = "<group>"; };
		A1F131A12B19954400059BBE /* String+Extension.swift */ = {isa = PBXFileReference; fileEncoding = 4; lastKnownFileType = sourcecode.swift; path = "String+Extension.swift"; sourceTree = "<group>"; };
		A1F131A22B19954400059BBE /* DateFormatter+Extension.swift */ = {isa = PBXFileReference; fileEncoding = 4; lastKnownFileType = sourcecode.swift; path = "DateFormatter+Extension.swift"; sourceTree = "<group>"; };
		A1F131A32B19954400059BBE /* Color+Extension.swift */ = {isa = PBXFileReference; fileEncoding = 4; lastKnownFileType = sourcecode.swift; path = "Color+Extension.swift"; sourceTree = "<group>"; };
		A1F131A52B19954400059BBE /* Constants.swift */ = {isa = PBXFileReference; fileEncoding = 4; lastKnownFileType = sourcecode.swift; path = Constants.swift; sourceTree = "<group>"; };
		A1F131A62B19954400059BBE /* ErrorGeneric.swift */ = {isa = PBXFileReference; fileEncoding = 4; lastKnownFileType = sourcecode.swift; path = ErrorGeneric.swift; sourceTree = "<group>"; };
		A1F131A72B19954400059BBE /* Utilities.swift */ = {isa = PBXFileReference; fileEncoding = 4; lastKnownFileType = sourcecode.swift; path = Utilities.swift; sourceTree = "<group>"; };
		A1F131A92B19954400059BBE /* NetworkManager.swift */ = {isa = PBXFileReference; fileEncoding = 4; lastKnownFileType = sourcecode.swift; path = NetworkManager.swift; sourceTree = "<group>"; };
		A1F131AA2B19954400059BBE /* NetworkGeneric.swift */ = {isa = PBXFileReference; fileEncoding = 4; lastKnownFileType = sourcecode.swift; path = NetworkGeneric.swift; sourceTree = "<group>"; };
		A1F131AB2B19954400059BBE /* NetworkUtilities.swift */ = {isa = PBXFileReference; fileEncoding = 4; lastKnownFileType = sourcecode.swift; path = NetworkUtilities.swift; sourceTree = "<group>"; };
		A1F131AD2B19954400059BBE /* FooterView.swift */ = {isa = PBXFileReference; fileEncoding = 4; lastKnownFileType = sourcecode.swift; path = FooterView.swift; sourceTree = "<group>"; };
		A1F131AE2B19954400059BBE /* LottieView.swift */ = {isa = PBXFileReference; fileEncoding = 4; lastKnownFileType = sourcecode.swift; path = LottieView.swift; sourceTree = "<group>"; };
		A1F131CE2B19956400059BBE /* randomuser.json */ = {isa = PBXFileReference; fileEncoding = 4; lastKnownFileType = text.json; path = randomuser.json; sourceTree = "<group>"; };
/* End PBXFileReference section */

/* Begin PBXFrameworksBuildPhase section */
		A126C9D42B1A0264005A5D17 /* Frameworks */ = {
			isa = PBXFrameworksBuildPhase;
			buildActionMask = 2147483647;
			files = (
				A126C9E12B1A02B3005A5D17 /* SnapshotTesting in Frameworks */,
			);
			runOnlyForDeploymentPostprocessing = 0;
		};
		A1F1314C2B19944B00059BBE /* Frameworks */ = {
			isa = PBXFrameworksBuildPhase;
			buildActionMask = 2147483647;
			files = (
				A1F131D22B19969D00059BBE /* Kingfisher in Frameworks */,
				A1F131D42B1996A100059BBE /* Lottie in Frameworks */,
			);
			runOnlyForDeploymentPostprocessing = 0;
		};
		A1F1315B2B19944C00059BBE /* Frameworks */ = {
			isa = PBXFrameworksBuildPhase;
			buildActionMask = 2147483647;
			files = (
			);
			runOnlyForDeploymentPostprocessing = 0;
		};
/* End PBXFrameworksBuildPhase section */

/* Begin PBXGroup section */
		A126C9D82B1A0264005A5D17 /* RandomUserPhoneSnapshotTests */ = {
			isa = PBXGroup;
			children = (
				A1D4084E2B19D04600B6BA22 /* Dashbo */,
			);
			path = RandomUserPhoneSnapshotTests;
			sourceTree = "<group>";
		};
		A133EFFB2B19AD70002A97A5 /* Dashbo */ = {
			isa = PBXGroup;
			children = (
				A133EFFF2B19C4AD002A97A5 /* ViewModel */,
				A133EFFC2B19AD70002A97A5 /* UseCase */,
			);
			path = Dashbo;
			sourceTree = "<group>";
		};
		A133EFFC2B19AD70002A97A5 /* UseCase */ = {
			isa = PBXGroup;
			children = (
				A133EFFD2B19AD70002A97A5 /* GetUsersUseCaseTest.swift */,
			);
			path = UseCase;
			sourceTree = "<group>";
		};
		A133EFFF2B19C4AD002A97A5 /* ViewModel */ = {
			isa = PBXGroup;
			children = (
				A1D4084B2B19C5D800B6BA22 /* DashboUsersViewModelTest.swift */,
			);
			path = ViewModel;
			sourceTree = "<group>";
		};
		A1D4084E2B19D04600B6BA22 /* Dashbo */ = {
			isa = PBXGroup;
			children = (
				A1D4084F2B19D04D00B6BA22 /* View */,
			);
			path = Dashbo;
			sourceTree = "<group>";
		};
		A1D4084F2B19D04D00B6BA22 /* View */ = {
			isa = PBXGroup;
			children = (
				A126C9E32B1A1176005A5D17 /* UserCellViewTest.swift */,
			);
			path = View;
			sourceTree = "<group>";
		};
		A1F130BE2B19939100059BBE = {
			isa = PBXGroup;
			children = (
				A1F131502B19944B00059BBE /* RandomUserPhone */,
				A1F131612B19944C00059BBE /* RandomUserPhoneTests */,
				A126C9D82B1A0264005A5D17 /* RandomUserPhoneSnapshotTests */,
				A1F130C82B19939100059BBE /* Products */,
				A1F131D02B19969D00059BBE /* Frameworks */,
			);
			sourceTree = "<group>";
		};
		A1F130C82B19939100059BBE /* Products */ = {
			isa = PBXGroup;
			children = (
				A1F1314F2B19944B00059BBE /* RandomUserPhone.app */,
				A1F1315E2B19944C00059BBE /* RandomUserPhoneTests.xctest */,
				A126C9D72B1A0264005A5D17 /* RandomUserPhoneSnapshotTests.xctest */,
			);
			name = Products;
			sourceTree = "<group>";
		};
		A1F131502B19944B00059BBE /* RandomUserPhone */ = {
			isa = PBXGroup;
			children = (
				A1F131A42B19954400059BBE /* Common */,
				A1F1317A2B19954400059BBE /* Core */,
				A1F1319F2B19954400059BBE /* Extensions */,
				A1F131792B19954400059BBE /* Info.plist */,
				A1F1319C2B19954400059BBE /* Resource */,
				A1F131842B19954400059BBE /* Source */,
				A1F131512B19944B00059BBE /* RandomUserPhoneApp.swift */,
				A1F131552B19944C00059BBE /* Assets.xcassets */,
				A1F131572B19944C00059BBE /* Preview Content */,
			);
			path = RandomUserPhone;
			sourceTree = "<group>";
		};
		A1F131572B19944C00059BBE /* Preview Content */ = {
			isa = PBXGroup;
			children = (
				A1F131CE2B19956400059BBE /* randomuser.json */,
				A1F131582B19944C00059BBE /* Preview Assets.xcassets */,
			);
			path = "Preview Content";
			sourceTree = "<group>";
		};
		A1F131612B19944C00059BBE /* RandomUserPhoneTests */ = {
			isa = PBXGroup;
			children = (
				A133EFFB2B19AD70002A97A5 /* Dashbo */,
			);
			path = RandomUserPhoneTests;
			sourceTree = "<group>";
		};
		A1F1317A2B19954400059BBE /* Core */ = {
			isa = PBXGroup;
			children = (
				A1F1317B2B19954400059BBE /* Configuration */,
				A1F1317F2B19954400059BBE /* Persistence */,
			);
			path = Core;
			sourceTree = "<group>";
		};
		A1F1317B2B19954400059BBE /* Configuration */ = {
			isa = PBXGroup;
			children = (
				A1F1317C2B19954400059BBE /* Debug.xcconfig */,
				A1F1317D2B19954400059BBE /* Release.xcconfig */,
				A1F1317E2B19954400059BBE /* EnvironmentProperty.swift */,
			);
			path = Configuration;
			sourceTree = "<group>";
		};
		A1F1317F2B19954400059BBE /* Persistence */ = {
			isa = PBXGroup;
			children = (
				A1F131802B19954400059BBE /* LocalFileManager.swift */,
				A1F131812B19954400059BBE /* UserPersistenceManager.swift */,
				A1F131822B19954400059BBE /* Model */,
			);
			path = Persistence;
			sourceTree = "<group>";
		};
		A1F131822B19954400059BBE /* Model */ = {
			isa = PBXGroup;
			children = (
				A1F131832B19954400059BBE /* UserPersistenceModel.swift */,
			);
			path = Model;
			sourceTree = "<group>";
		};
		A1F131842B19954400059BBE /* Source */ = {
			isa = PBXGroup;
			children = (
				A1F131852B19954400059BBE /* Domain */,
				A1F1318C2B19954400059BBE /* Presentation */,
			);
			path = Source;
			sourceTree = "<group>";
		};
		A1F131852B19954400059BBE /* Domain */ = {
			isa = PBXGroup;
			children = (
				A1F131862B19954400059BBE /* Dashbo */,
			);
			path = Domain;
			sourceTree = "<group>";
		};
		A1F131862B19954400059BBE /* Dashbo */ = {
			isa = PBXGroup;
			children = (
				A1F131872B19954400059BBE /* Model */,
				A1F1318A2B19954400059BBE /* UseCase */,
			);
			path = Dashbo;
			sourceTree = "<group>";
		};
		A1F131872B19954400059BBE /* Model */ = {
			isa = PBXGroup;
			children = (
				A1F131882B19954400059BBE /* ListResponseDTO.swift */,
				A1F131892B19954400059BBE /* ListRequestDTO.swift */,
			);
			path = Model;
			sourceTree = "<group>";
		};
		A1F1318A2B19954400059BBE /* UseCase */ = {
			isa = PBXGroup;
			children = (
				A1F1318B2B19954400059BBE /* GetUsersUsaCase.swift */,
			);
			path = UseCase;
			sourceTree = "<group>";
		};
		A1F1318C2B19954400059BBE /* Presentation */ = {
			isa = PBXGroup;
			children = (
				A1F1318D2B19954400059BBE /* Splash */,
				A1F131902B19954400059BBE /* Dashbo */,
				A1F131992B19954400059BBE /* Detail */,
			);
			path = Presentation;
			sourceTree = "<group>";
		};
		A1F1318D2B19954400059BBE /* Splash */ = {
			isa = PBXGroup;
			children = (
				A1F1318E2B19954400059BBE /* View */,
			);
			path = Splash;
			sourceTree = "<group>";
		};
		A1F1318E2B19954400059BBE /* View */ = {
			isa = PBXGroup;
			children = (
				A1F1318F2B19954400059BBE /* SplashView.swift */,
			);
			path = View;
			sourceTree = "<group>";
		};
		A1F131902B19954400059BBE /* Dashbo */ = {
			isa = PBXGroup;
			children = (
				A1F131912B19954400059BBE /* ViewModel */,
				A1F131932B19954400059BBE /* Model */,
				A1F131962B19954400059BBE /* View */,
			);
			path = Dashbo;
			sourceTree = "<group>";
		};
		A1F131912B19954400059BBE /* ViewModel */ = {
			isa = PBXGroup;
			children = (
				A1F131922B19954400059BBE /* DashboUsersViewModel.swift */,
			);
			path = ViewModel;
			sourceTree = "<group>";
		};
		A1F131932B19954400059BBE /* Model */ = {
			isa = PBXGroup;
			children = (
				A1F131942B19954400059BBE /* Users.swift */,
				A1F131952B19954400059BBE /* Status.swift */,
			);
			path = Model;
			sourceTree = "<group>";
		};
		A1F131962B19954400059BBE /* View */ = {
			isa = PBXGroup;
			children = (
				A1F131972B19954400059BBE /* UserCellView.swift */,
				A1F131982B19954400059BBE /* DashboUsersView.swift */,
			);
			path = View;
			sourceTree = "<group>";
		};
		A1F131992B19954400059BBE /* Detail */ = {
			isa = PBXGroup;
			children = (
				A1F1319A2B19954400059BBE /* View */,
			);
			path = Detail;
			sourceTree = "<group>";
		};
		A1F1319A2B19954400059BBE /* View */ = {
			isa = PBXGroup;
			children = (
				A1F1319B2B19954400059BBE /* DetailUserView.swift */,
			);
			path = View;
			sourceTree = "<group>";
		};
		A1F1319C2B19954400059BBE /* Resource */ = {
			isa = PBXGroup;
			children = (
				A1F1319D2B19954400059BBE /* loading-animation.json */,
				A1F1319E2B19954400059BBE /* splash-animation.json */,
			);
			path = Resource;
			sourceTree = "<group>";
		};
		A1F1319F2B19954400059BBE /* Extensions */ = {
			isa = PBXGroup;
			children = (
				A1F131A02B19954400059BBE /* DispatchQueue+Extension.swift */,
				A1F131A12B19954400059BBE /* String+Extension.swift */,
				A1F131A22B19954400059BBE /* DateFormatter+Extension.swift */,
				A1F131A32B19954400059BBE /* Color+Extension.swift */,
			);
			path = Extensions;
			sourceTree = "<group>";
		};
		A1F131A42B19954400059BBE /* Common */ = {
			isa = PBXGroup;
			children = (
				A1F131A52B19954400059BBE /* Constants.swift */,
				A1F131A62B19954400059BBE /* ErrorGeneric.swift */,
				A1F131A72B19954400059BBE /* Utilities.swift */,
				A1F131A82B19954400059BBE /* Network */,
				A1F131AC2B19954400059BBE /* View */,
			);
			path = Common;
			sourceTree = "<group>";
		};
		A1F131A82B19954400059BBE /* Network */ = {
			isa = PBXGroup;
			children = (
				A1F131A92B19954400059BBE /* NetworkManager.swift */,
				A1F131AA2B19954400059BBE /* NetworkGeneric.swift */,
				A1F131AB2B19954400059BBE /* NetworkUtilities.swift */,
			);
			path = Network;
			sourceTree = "<group>";
		};
		A1F131AC2B19954400059BBE /* View */ = {
			isa = PBXGroup;
			children = (
				A1F131AD2B19954400059BBE /* FooterView.swift */,
				A1F131AE2B19954400059BBE /* LottieView.swift */,
			);
			path = View;
			sourceTree = "<group>";
		};
		A1F131D02B19969D00059BBE /* Frameworks */ = {
			isa = PBXGroup;
			children = (
			);
			name = Frameworks;
			sourceTree = "<group>";
		};
/* End PBXGroup section */

/* Begin PBXNativeTarget section */
		A126C9D62B1A0264005A5D17 /* RandomUserPhoneSnapshotTests */ = {
			isa = PBXNativeTarget;
			buildConfigurationList = A126C9DD2B1A0264005A5D17 /* Build configuration list for PBXNativeTarget "RandomUserPhoneSnapshotTests" */;
			buildPhases = (
				A126C9D32B1A0264005A5D17 /* Sources */,
				A126C9D42B1A0264005A5D17 /* Frameworks */,
				A126C9D52B1A0264005A5D17 /* Resources */,
			);
			buildRules = (
			);
			dependencies = (
				A126C9DC2B1A0264005A5D17 /* PBXTargetDependency */,
			);
			name = RandomUserPhoneSnapshotTests;
			packageProductDependencies = (
				A126C9E02B1A02B3005A5D17 /* SnapshotTesting */,
			);
			productName = RandomUserPhoneSnapshotTests;
			productReference = A126C9D72B1A0264005A5D17 /* RandomUserPhoneSnapshotTests.xctest */;
			productType = "com.apple.product-type.bundle.unit-test";
		};
		A1F1314E2B19944B00059BBE /* RandomUserPhone */ = {
			isa = PBXNativeTarget;
			buildConfigurationList = A1F131702B19944C00059BBE /* Build configuration list for PBXNativeTarget "RandomUserPhone" */;
			buildPhases = (
				A1F1314B2B19944B00059BBE /* Sources */,
				A1F1314C2B19944B00059BBE /* Frameworks */,
				A1F1314D2B19944B00059BBE /* Resources */,
			);
			buildRules = (
			);
			dependencies = (
			);
			name = RandomUserPhone;
			packageProductDependencies = (
				A1F131D12B19969D00059BBE /* Kingfisher */,
				A1F131D32B1996A100059BBE /* Lottie */,
			);
			productName = RandomUserPhone;
			productReference = A1F1314F2B19944B00059BBE /* RandomUserPhone.app */;
			productType = "com.apple.product-type.application";
		};
		A1F1315D2B19944C00059BBE /* RandomUserPhoneTests */ = {
			isa = PBXNativeTarget;
			buildConfigurationList = A1F131732B19944C00059BBE /* Build configuration list for PBXNativeTarget "RandomUserPhoneTests" */;
			buildPhases = (
				A1F1315A2B19944C00059BBE /* Sources */,
				A1F1315B2B19944C00059BBE /* Frameworks */,
				A1F1315C2B19944C00059BBE /* Resources */,
			);
			buildRules = (
			);
			dependencies = (
				A1F131602B19944C00059BBE /* PBXTargetDependency */,
			);
			name = RandomUserPhoneTests;
			productName = RandomUserPhoneTests;
			productReference = A1F1315E2B19944C00059BBE /* RandomUserPhoneTests.xctest */;
			productType = "com.apple.product-type.bundle.unit-test";
		};
/* End PBXNativeTarget section */

/* Begin PBXProject section */
		A1F130BF2B19939100059BBE /* Project object */ = {
			isa = PBXProject;
			attributes = {
				BuildIndependentTargetsInParallel = 1;
				LastSwiftUpdateCheck = 1500;
				LastUpgradeCheck = 1510;
				TargetAttributes = {
					A126C9D62B1A0264005A5D17 = {
						CreatedOnToolsVersion = 15.0.1;
						TestTargetID = A1F1314E2B19944B00059BBE;
					};
					A1F1314E2B19944B00059BBE = {
						CreatedOnToolsVersion = 15.1;
					};
					A1F1315D2B19944C00059BBE = {
						CreatedOnToolsVersion = 15.1;
						TestTargetID = A1F1314E2B19944B00059BBE;
					};
				};
			};
			buildConfigurationList = A1F130C22B19939100059BBE /* Build configuration list for PBXProject "RandomUser" */;
			compatibilityVersion = "Xcode 14.0";
			developmentRegion = en;
			hasScannedForEncodings = 0;
			knownRegions = (
				en,
				Base,
			);
			mainGroup = A1F130BE2B19939100059BBE;
			packageReferences = (
				A1F130D82B1993AD00059BBE /* XCRemoteSwiftPackageReference "Kingfisher" */,
				A1F130DB2B1993B700059BBE /* XCRemoteSwiftPackageReference "lottie-ios" */,
				A1D408612B19FB4600B6BA22 /* XCRemoteSwiftPackageReference "swift-snapshot-testing" */,
			);
			productRefGroup = A1F130C82B19939100059BBE /* Products */;
			projectDirPath = "";
			projectRoot = "";
			targets = (
				A1F1314E2B19944B00059BBE /* RandomUserPhone */,
				A1F1315D2B19944C00059BBE /* RandomUserPhoneTests */,
				A126C9D62B1A0264005A5D17 /* RandomUserPhoneSnapshotTests */,
			);
		};
/* End PBXProject section */

/* Begin PBXResourcesBuildPhase section */
		A126C9D52B1A0264005A5D17 /* Resources */ = {
			isa = PBXResourcesBuildPhase;
			buildActionMask = 2147483647;
			files = (
			);
			runOnlyForDeploymentPostprocessing = 0;
		};
		A1F1314D2B19944B00059BBE /* Resources */ = {
			isa = PBXResourcesBuildPhase;
			buildActionMask = 2147483647;
			files = (
				A1F131592B19944C00059BBE /* Preview Assets.xcassets in Resources */,
				A1F131562B19944C00059BBE /* Assets.xcassets in Resources */,
				A1F131C12B19954400059BBE /* splash-animation.json in Resources */,
				A1F131C02B19954400059BBE /* loading-animation.json in Resources */,
				A1F131CF2B19956400059BBE /* randomuser.json in Resources */,
			);
			runOnlyForDeploymentPostprocessing = 0;
		};
		A1F1315C2B19944C00059BBE /* Resources */ = {
			isa = PBXResourcesBuildPhase;
			buildActionMask = 2147483647;
			files = (
			);
			runOnlyForDeploymentPostprocessing = 0;
		};
/* End PBXResourcesBuildPhase section */

/* Begin PBXSourcesBuildPhase section */
		A126C9D32B1A0264005A5D17 /* Sources */ = {
			isa = PBXSourcesBuildPhase;
			buildActionMask = 2147483647;
			files = (
				A126C9E42B1A1176005A5D17 /* UserCellViewTest.swift in Sources */,
			);
			runOnlyForDeploymentPostprocessing = 0;
		};
		A1F1314B2B19944B00059BBE /* Sources */ = {
			isa = PBXSourcesBuildPhase;
			buildActionMask = 2147483647;
			files = (
				A1F131BA2B19954400059BBE /* DashboUsersViewModel.swift in Sources */,
				A1F131B82B19954400059BBE /* GetUsersUsaCase.swift in Sources */,
				A1F131CC2B19954400059BBE /* FooterView.swift in Sources */,
				A1F131BD2B19954400059BBE /* UserCellView.swift in Sources */,
				A1F131B62B19954400059BBE /* ListResponseDTO.swift in Sources */,
				A1F131C22B19954400059BBE /* DispatchQueue+Extension.swift in Sources */,
				A1F131BB2B19954400059BBE /* Users.swift in Sources */,
				A1F131522B19944B00059BBE /* RandomUserPhoneApp.swift in Sources */,
				A1F131B72B19954400059BBE /* ListRequestDTO.swift in Sources */,
				A1F131B22B19954400059BBE /* EnvironmentProperty.swift in Sources */,
				A1F131CD2B19954400059BBE /* LottieView.swift in Sources */,
				A1F131C32B19954400059BBE /* String+Extension.swift in Sources */,
				A1F131CA2B19954400059BBE /* NetworkGeneric.swift in Sources */,
				A1F131C62B19954400059BBE /* Constants.swift in Sources */,
				A1F131C92B19954400059BBE /* NetworkManager.swift in Sources */,
				A1F131C82B19954400059BBE /* Utilities.swift in Sources */,
				A1F131C52B19954400059BBE /* Color+Extension.swift in Sources */,
				A1F131B32B19954400059BBE /* LocalFileManager.swift in Sources */,
				A1F131CB2B19954400059BBE /* NetworkUtilities.swift in Sources */,
				A1F131BC2B19954400059BBE /* Status.swift in Sources */,
				A1F131BE2B19954400059BBE /* DashboUsersView.swift in Sources */,
				A1F131C42B19954400059BBE /* DateFormatter+Extension.swift in Sources */,
				A1F131BF2B19954400059BBE /* DetailUserView.swift in Sources */,
				A1F131B92B19954400059BBE /* SplashView.swift in Sources */,
				A1F131B52B19954400059BBE /* UserPersistenceModel.swift in Sources */,
				A1F131C72B19954400059BBE /* ErrorGeneric.swift in Sources */,
				A1F131B42B19954400059BBE /* UserPersistenceManager.swift in Sources */,
			);
			runOnlyForDeploymentPostprocessing = 0;
		};
		A1F1315A2B19944C00059BBE /* Sources */ = {
			isa = PBXSourcesBuildPhase;
			buildActionMask = 2147483647;
			files = (
				A1D4084C2B19C5D800B6BA22 /* DashboUsersViewModelTest.swift in Sources */,
				A133EFFE2B19AD70002A97A5 /* GetUsersUseCaseTest.swift in Sources */,
			);
			runOnlyForDeploymentPostprocessing = 0;
		};
/* End PBXSourcesBuildPhase section */

/* Begin PBXTargetDependency section */
		A126C9DC2B1A0264005A5D17 /* PBXTargetDependency */ = {
			isa = PBXTargetDependency;
			target = A1F1314E2B19944B00059BBE /* RandomUserPhone */;
			targetProxy = A126C9DB2B1A0264005A5D17 /* PBXContainerItemProxy */;
		};
		A1F131602B19944C00059BBE /* PBXTargetDependency */ = {
			isa = PBXTargetDependency;
			target = A1F1314E2B19944B00059BBE /* RandomUserPhone */;
			targetProxy = A1F1315F2B19944C00059BBE /* PBXContainerItemProxy */;
		};
/* End PBXTargetDependency section */

/* Begin XCBuildConfiguration section */
		A126C9DE2B1A0264005A5D17 /* Debug */ = {
			isa = XCBuildConfiguration;
			buildSettings = {
				BUNDLE_LOADER = "$(TEST_HOST)";
				CODE_SIGN_STYLE = Automatic;
				CURRENT_PROJECT_VERSION = 1;
				GENERATE_INFOPLIST_FILE = YES;
				IPHONEOS_DEPLOYMENT_TARGET = 17.0;
				MARKETING_VERSION = 1.0;
				PRODUCT_BUNDLE_IDENTIFIER = com.jonashio.RandomUserPhoneSnapshotTests;
				PRODUCT_NAME = "$(TARGET_NAME)";
				SUPPORTED_PLATFORMS = "iphoneos iphonesimulator";
				SUPPORTS_MACCATALYST = NO;
				SUPPORTS_MAC_DESIGNED_FOR_IPHONE_IPAD = NO;
				SWIFT_EMIT_LOC_STRINGS = NO;
				SWIFT_VERSION = 5.0;
				TARGETED_DEVICE_FAMILY = 1;
				TEST_HOST = "$(BUILT_PRODUCTS_DIR)/RandomUserPhone.app/$(BUNDLE_EXECUTABLE_FOLDER_PATH)/RandomUserPhone";
			};
			name = Debug;
		};
		A126C9DF2B1A0264005A5D17 /* Release */ = {
			isa = XCBuildConfiguration;
			buildSettings = {
				BUNDLE_LOADER = "$(TEST_HOST)";
				CODE_SIGN_STYLE = Automatic;
				CURRENT_PROJECT_VERSION = 1;
				GENERATE_INFOPLIST_FILE = YES;
				IPHONEOS_DEPLOYMENT_TARGET = 17.0;
				MARKETING_VERSION = 1.0;
				PRODUCT_BUNDLE_IDENTIFIER = com.jonashio.RandomUserPhoneSnapshotTests;
				PRODUCT_NAME = "$(TARGET_NAME)";
				SUPPORTED_PLATFORMS = "iphoneos iphonesimulator";
				SUPPORTS_MACCATALYST = NO;
				SUPPORTS_MAC_DESIGNED_FOR_IPHONE_IPAD = NO;
				SWIFT_EMIT_LOC_STRINGS = NO;
				SWIFT_VERSION = 5.0;
				TARGETED_DEVICE_FAMILY = 1;
				TEST_HOST = "$(BUILT_PRODUCTS_DIR)/RandomUserPhone.app/$(BUNDLE_EXECUTABLE_FOLDER_PATH)/RandomUserPhone";
			};
			name = Release;
		};
		A1F130D32B19939200059BBE /* Debug */ = {
			isa = XCBuildConfiguration;
			baseConfigurationReference = A1F1317C2B19954400059BBE /* Debug.xcconfig */;
			buildSettings = {
				ALWAYS_SEARCH_USER_PATHS = NO;
				ASSETCATALOG_COMPILER_GENERATE_SWIFT_ASSET_SYMBOL_EXTENSIONS = YES;
				CLANG_ANALYZER_NONNULL = YES;
				CLANG_ANALYZER_NUMBER_OBJECT_CONVERSION = YES_AGGRESSIVE;
				CLANG_CXX_LANGUAGE_STANDARD = "gnu++20";
				CLANG_ENABLE_MODULES = YES;
				CLANG_ENABLE_OBJC_ARC = YES;
				CLANG_ENABLE_OBJC_WEAK = YES;
				CLANG_WARN_BLOCK_CAPTURE_AUTORELEASING = YES;
				CLANG_WARN_BOOL_CONVERSION = YES;
				CLANG_WARN_COMMA = YES;
				CLANG_WARN_CONSTANT_CONVERSION = YES;
				CLANG_WARN_DEPRECATED_OBJC_IMPLEMENTATIONS = YES;
				CLANG_WARN_DIRECT_OBJC_ISA_USAGE = YES_ERROR;
				CLANG_WARN_DOCUMENTATION_COMMENTS = YES;
				CLANG_WARN_EMPTY_BODY = YES;
				CLANG_WARN_ENUM_CONVERSION = YES;
				CLANG_WARN_INFINITE_RECURSION = YES;
				CLANG_WARN_INT_CONVERSION = YES;
				CLANG_WARN_NON_LITERAL_NULL_CONVERSION = YES;
				CLANG_WARN_OBJC_IMPLICIT_RETAIN_SELF = YES;
				CLANG_WARN_OBJC_LITERAL_CONVERSION = YES;
				CLANG_WARN_OBJC_ROOT_CLASS = YES_ERROR;
				CLANG_WARN_QUOTED_INCLUDE_IN_FRAMEWORK_HEADER = YES;
				CLANG_WARN_RANGE_LOOP_ANALYSIS = YES;
				CLANG_WARN_STRICT_PROTOTYPES = YES;
				CLANG_WARN_SUSPICIOUS_MOVE = YES;
				CLANG_WARN_UNGUARDED_AVAILABILITY = YES_AGGRESSIVE;
				CLANG_WARN_UNREACHABLE_CODE = YES;
				CLANG_WARN__DUPLICATE_METHOD_MATCH = YES;
				COPY_PHASE_STRIP = NO;
				DEBUG_INFORMATION_FORMAT = dwarf;
				ENABLE_STRICT_OBJC_MSGSEND = YES;
				ENABLE_TESTABILITY = YES;
				ENABLE_USER_SCRIPT_SANDBOXING = YES;
				GCC_C_LANGUAGE_STANDARD = gnu17;
				GCC_DYNAMIC_NO_PIC = NO;
				GCC_NO_COMMON_BLOCKS = YES;
				GCC_OPTIMIZATION_LEVEL = 0;
				GCC_PREPROCESSOR_DEFINITIONS = (
					"DEBUG=1",
					"$(inherited)",
				);
				GCC_WARN_64_TO_32_BIT_CONVERSION = YES;
				GCC_WARN_ABOUT_RETURN_TYPE = YES_ERROR;
				GCC_WARN_UNDECLARED_SELECTOR = YES;
				GCC_WARN_UNINITIALIZED_AUTOS = YES_AGGRESSIVE;
				GCC_WARN_UNUSED_FUNCTION = YES;
				GCC_WARN_UNUSED_VARIABLE = YES;
				IPHONEOS_DEPLOYMENT_TARGET = 17.2;
				LOCALIZATION_PREFERS_STRING_CATALOGS = YES;
				MTL_ENABLE_DEBUG_INFO = INCLUDE_SOURCE;
				MTL_FAST_MATH = YES;
				ONLY_ACTIVE_ARCH = YES;
				SDKROOT = iphoneos;
				SWIFT_ACTIVE_COMPILATION_CONDITIONS = "DEBUG $(inherited)";
				SWIFT_OPTIMIZATION_LEVEL = "-Onone";
			};
			name = Debug;
		};
		A1F130D42B19939200059BBE /* Release */ = {
			isa = XCBuildConfiguration;
			baseConfigurationReference = A1F1317C2B19954400059BBE /* Debug.xcconfig */;
			buildSettings = {
				ALWAYS_SEARCH_USER_PATHS = NO;
				ASSETCATALOG_COMPILER_GENERATE_SWIFT_ASSET_SYMBOL_EXTENSIONS = YES;
				CLANG_ANALYZER_NONNULL = YES;
				CLANG_ANALYZER_NUMBER_OBJECT_CONVERSION = YES_AGGRESSIVE;
				CLANG_CXX_LANGUAGE_STANDARD = "gnu++20";
				CLANG_ENABLE_MODULES = YES;
				CLANG_ENABLE_OBJC_ARC = YES;
				CLANG_ENABLE_OBJC_WEAK = YES;
				CLANG_WARN_BLOCK_CAPTURE_AUTORELEASING = YES;
				CLANG_WARN_BOOL_CONVERSION = YES;
				CLANG_WARN_COMMA = YES;
				CLANG_WARN_CONSTANT_CONVERSION = YES;
				CLANG_WARN_DEPRECATED_OBJC_IMPLEMENTATIONS = YES;
				CLANG_WARN_DIRECT_OBJC_ISA_USAGE = YES_ERROR;
				CLANG_WARN_DOCUMENTATION_COMMENTS = YES;
				CLANG_WARN_EMPTY_BODY = YES;
				CLANG_WARN_ENUM_CONVERSION = YES;
				CLANG_WARN_INFINITE_RECURSION = YES;
				CLANG_WARN_INT_CONVERSION = YES;
				CLANG_WARN_NON_LITERAL_NULL_CONVERSION = YES;
				CLANG_WARN_OBJC_IMPLICIT_RETAIN_SELF = YES;
				CLANG_WARN_OBJC_LITERAL_CONVERSION = YES;
				CLANG_WARN_OBJC_ROOT_CLASS = YES_ERROR;
				CLANG_WARN_QUOTED_INCLUDE_IN_FRAMEWORK_HEADER = YES;
				CLANG_WARN_RANGE_LOOP_ANALYSIS = YES;
				CLANG_WARN_STRICT_PROTOTYPES = YES;
				CLANG_WARN_SUSPICIOUS_MOVE = YES;
				CLANG_WARN_UNGUARDED_AVAILABILITY = YES_AGGRESSIVE;
				CLANG_WARN_UNREACHABLE_CODE = YES;
				CLANG_WARN__DUPLICATE_METHOD_MATCH = YES;
				COPY_PHASE_STRIP = NO;
				DEBUG_INFORMATION_FORMAT = "dwarf-with-dsym";
				ENABLE_NS_ASSERTIONS = NO;
				ENABLE_STRICT_OBJC_MSGSEND = YES;
				ENABLE_USER_SCRIPT_SANDBOXING = YES;
				GCC_C_LANGUAGE_STANDARD = gnu17;
				GCC_NO_COMMON_BLOCKS = YES;
				GCC_WARN_64_TO_32_BIT_CONVERSION = YES;
				GCC_WARN_ABOUT_RETURN_TYPE = YES_ERROR;
				GCC_WARN_UNDECLARED_SELECTOR = YES;
				GCC_WARN_UNINITIALIZED_AUTOS = YES_AGGRESSIVE;
				GCC_WARN_UNUSED_FUNCTION = YES;
				GCC_WARN_UNUSED_VARIABLE = YES;
				IPHONEOS_DEPLOYMENT_TARGET = 17.2;
				LOCALIZATION_PREFERS_STRING_CATALOGS = YES;
				MTL_ENABLE_DEBUG_INFO = NO;
				MTL_FAST_MATH = YES;
				SDKROOT = iphoneos;
				SWIFT_COMPILATION_MODE = wholemodule;
				VALIDATE_PRODUCT = YES;
			};
			name = Release;
		};
		A1F131712B19944C00059BBE /* Debug */ = {
			isa = XCBuildConfiguration;
			buildSettings = {
				ASSETCATALOG_COMPILER_APPICON_NAME = AppIcon;
				ASSETCATALOG_COMPILER_GLOBAL_ACCENT_COLOR_NAME = AccentColor;
				CODE_SIGN_STYLE = Automatic;
				CURRENT_PROJECT_VERSION = 1;
				DEVELOPMENT_ASSET_PATHS = "\"RandomUserPhone/Preview Content\"";
				ENABLE_PREVIEWS = YES;
				GENERATE_INFOPLIST_FILE = YES;
				INFOPLIST_FILE = RandomUserPhone/Info.plist;
				INFOPLIST_KEY_UIApplicationSceneManifest_Generation = YES;
				INFOPLIST_KEY_UIApplicationSupportsIndirectInputEvents = YES;
				INFOPLIST_KEY_UILaunchScreen_Generation = YES;
				INFOPLIST_KEY_UISupportedInterfaceOrientations = UIInterfaceOrientationPortrait;
				INFOPLIST_KEY_UISupportedInterfaceOrientations_iPad = "UIInterfaceOrientationLandscapeLeft UIInterfaceOrientationLandscapeRight UIInterfaceOrientationPortrait UIInterfaceOrientationPortraitUpsideDown";
				IPHONEOS_DEPLOYMENT_TARGET = 17.0;
				LD_RUNPATH_SEARCH_PATHS = (
					"$(inherited)",
					"@executable_path/Frameworks",
				);
				MARKETING_VERSION = 1.0;
				PRODUCT_BUNDLE_IDENTIFIER = com.jonashio.RandomUserPhone;
				PRODUCT_NAME = "$(TARGET_NAME)";
				SUPPORTED_PLATFORMS = "iphoneos iphonesimulator";
				SUPPORTS_MACCATALYST = NO;
				SUPPORTS_MAC_DESIGNED_FOR_IPHONE_IPAD = NO;
				SUPPORTS_XR_DESIGNED_FOR_IPHONE_IPAD = NO;
				SWIFT_EMIT_LOC_STRINGS = YES;
				SWIFT_VERSION = 5.0;
				TARGETED_DEVICE_FAMILY = 1;
			};
			name = Debug;
		};
		A1F131722B19944C00059BBE /* Release */ = {
			isa = XCBuildConfiguration;
			buildSettings = {
				ASSETCATALOG_COMPILER_APPICON_NAME = AppIcon;
				ASSETCATALOG_COMPILER_GLOBAL_ACCENT_COLOR_NAME = AccentColor;
				CODE_SIGN_STYLE = Automatic;
				CURRENT_PROJECT_VERSION = 1;
				DEVELOPMENT_ASSET_PATHS = "\"RandomUserPhone/Preview Content\"";
				ENABLE_PREVIEWS = YES;
				GENERATE_INFOPLIST_FILE = YES;
				INFOPLIST_FILE = RandomUserPhone/Info.plist;
				INFOPLIST_KEY_UIApplicationSceneManifest_Generation = YES;
				INFOPLIST_KEY_UIApplicationSupportsIndirectInputEvents = YES;
				INFOPLIST_KEY_UILaunchScreen_Generation = YES;
				INFOPLIST_KEY_UISupportedInterfaceOrientations = UIInterfaceOrientationPortrait;
				INFOPLIST_KEY_UISupportedInterfaceOrientations_iPad = "UIInterfaceOrientationLandscapeLeft UIInterfaceOrientationLandscapeRight UIInterfaceOrientationPortrait UIInterfaceOrientationPortraitUpsideDown";
				IPHONEOS_DEPLOYMENT_TARGET = 17.0;
				LD_RUNPATH_SEARCH_PATHS = (
					"$(inherited)",
					"@executable_path/Frameworks",
				);
				MARKETING_VERSION = 1.0;
				PRODUCT_BUNDLE_IDENTIFIER = com.jonashio.RandomUserPhone;
				PRODUCT_NAME = "$(TARGET_NAME)";
				SUPPORTED_PLATFORMS = "iphoneos iphonesimulator";
				SUPPORTS_MACCATALYST = NO;
				SUPPORTS_MAC_DESIGNED_FOR_IPHONE_IPAD = NO;
				SUPPORTS_XR_DESIGNED_FOR_IPHONE_IPAD = NO;
				SWIFT_EMIT_LOC_STRINGS = YES;
				SWIFT_VERSION = 5.0;
				TARGETED_DEVICE_FAMILY = 1;
			};
			name = Release;
		};
		A1F131742B19944C00059BBE /* Debug */ = {
			isa = XCBuildConfiguration;
			buildSettings = {
				ALWAYS_EMBED_SWIFT_STANDARD_LIBRARIES = YES;
				BUNDLE_LOADER = "$(TEST_HOST)";
				CODE_SIGN_STYLE = Automatic;
				CURRENT_PROJECT_VERSION = 1;
				GENERATE_INFOPLIST_FILE = YES;
				IPHONEOS_DEPLOYMENT_TARGET = 17.0;
				MARKETING_VERSION = 1.0;
				PRODUCT_BUNDLE_IDENTIFIER = com.jonashio.RandomUserPhoneTests;
				PRODUCT_NAME = "$(TARGET_NAME)";
				SUPPORTED_PLATFORMS = "iphoneos iphonesimulator";
				SUPPORTS_MACCATALYST = NO;
				SUPPORTS_MAC_DESIGNED_FOR_IPHONE_IPAD = NO;
				SUPPORTS_XR_DESIGNED_FOR_IPHONE_IPAD = NO;
				SWIFT_EMIT_LOC_STRINGS = NO;
				SWIFT_VERSION = 5.0;
				TARGETED_DEVICE_FAMILY = 1;
				TEST_HOST = "$(BUILT_PRODUCTS_DIR)/RandomUserPhone.app/$(BUNDLE_EXECUTABLE_FOLDER_PATH)/RandomUserPhone";
			};
			name = Debug;
		};
		A1F131752B19944C00059BBE /* Release */ = {
			isa = XCBuildConfiguration;
			buildSettings = {
				ALWAYS_EMBED_SWIFT_STANDARD_LIBRARIES = YES;
				BUNDLE_LOADER = "$(TEST_HOST)";
				CODE_SIGN_STYLE = Automatic;
				CURRENT_PROJECT_VERSION = 1;
				GENERATE_INFOPLIST_FILE = YES;
				IPHONEOS_DEPLOYMENT_TARGET = 17.0;
				MARKETING_VERSION = 1.0;
				PRODUCT_BUNDLE_IDENTIFIER = com.jonashio.RandomUserPhoneTests;
				PRODUCT_NAME = "$(TARGET_NAME)";
				SUPPORTED_PLATFORMS = "iphoneos iphonesimulator";
				SUPPORTS_MACCATALYST = NO;
				SUPPORTS_MAC_DESIGNED_FOR_IPHONE_IPAD = NO;
				SUPPORTS_XR_DESIGNED_FOR_IPHONE_IPAD = NO;
				SWIFT_EMIT_LOC_STRINGS = NO;
				SWIFT_VERSION = 5.0;
				TARGETED_DEVICE_FAMILY = 1;
				TEST_HOST = "$(BUILT_PRODUCTS_DIR)/RandomUserPhone.app/$(BUNDLE_EXECUTABLE_FOLDER_PATH)/RandomUserPhone";
			};
			name = Release;
		};
/* End XCBuildConfiguration section */

/* Begin XCConfigurationList section */
		A126C9DD2B1A0264005A5D17 /* Build configuration list for PBXNativeTarget "RandomUserPhoneSnapshotTests" */ = {
			isa = XCConfigurationList;
			buildConfigurations = (
				A126C9DE2B1A0264005A5D17 /* Debug */,
				A126C9DF2B1A0264005A5D17 /* Release */,
			);
			defaultConfigurationIsVisible = 0;
			defaultConfigurationName = Release;
		};
		A1F130C22B19939100059BBE /* Build configuration list for PBXProject "RandomUser" */ = {
			isa = XCConfigurationList;
			buildConfigurations = (
				A1F130D32B19939200059BBE /* Debug */,
				A1F130D42B19939200059BBE /* Release */,
			);
			defaultConfigurationIsVisible = 0;
			defaultConfigurationName = Release;
		};
		A1F131702B19944C00059BBE /* Build configuration list for PBXNativeTarget "RandomUserPhone" */ = {
			isa = XCConfigurationList;
			buildConfigurations = (
				A1F131712B19944C00059BBE /* Debug */,
				A1F131722B19944C00059BBE /* Release */,
			);
			defaultConfigurationIsVisible = 0;
			defaultConfigurationName = Release;
		};
		A1F131732B19944C00059BBE /* Build configuration list for PBXNativeTarget "RandomUserPhoneTests" */ = {
			isa = XCConfigurationList;
			buildConfigurations = (
				A1F131742B19944C00059BBE /* Debug */,
				A1F131752B19944C00059BBE /* Release */,
			);
			defaultConfigurationIsVisible = 0;
			defaultConfigurationName = Release;
		};
/* End XCConfigurationList section */

/* Begin XCRemoteSwiftPackageReference section */
		A1D408612B19FB4600B6BA22 /* XCRemoteSwiftPackageReference "swift-snapshot-testing" */ = {
			isa = XCRemoteSwiftPackageReference;
			repositoryURL = "https://github.com/pointfreeco/swift-snapshot-testing";
			requirement = {
				kind = upToNextMajorVersion;
				minimumVersion = 1.15.1;
			};
		};
		A1F130D82B1993AD00059BBE /* XCRemoteSwiftPackageReference "Kingfisher" */ = {
			isa = XCRemoteSwiftPackageReference;
			repositoryURL = "https://github.com/onevcat/Kingfisher.git";
			requirement = {
				kind = upToNextMajorVersion;
				minimumVersion = 7.10.0;
			};
		};
		A1F130DB2B1993B700059BBE /* XCRemoteSwiftPackageReference "lottie-ios" */ = {
			isa = XCRemoteSwiftPackageReference;
			repositoryURL = "https://github.com/airbnb/lottie-ios.git";
			requirement = {
				kind = upToNextMajorVersion;
				minimumVersion = 4.3.3;
			};
		};
/* End XCRemoteSwiftPackageReference section */

/* Begin XCSwiftPackageProductDependency section */
		A126C9E02B1A02B3005A5D17 /* SnapshotTesting */ = {
			isa = XCSwiftPackageProductDependency;
			package = A1D408612B19FB4600B6BA22 /* XCRemoteSwiftPackageReference "swift-snapshot-testing" */;
			productName = SnapshotTesting;
		};
		A1F131D12B19969D00059BBE /* Kingfisher */ = {
			isa = XCSwiftPackageProductDependency;
			package = A1F130D82B1993AD00059BBE /* XCRemoteSwiftPackageReference "Kingfisher" */;
			productName = Kingfisher;
		};
		A1F131D32B1996A100059BBE /* Lottie */ = {
			isa = XCSwiftPackageProductDependency;
			package = A1F130DB2B1993B700059BBE /* XCRemoteSwiftPackageReference "lottie-ios" */;
			productName = Lottie;
		};
/* End XCSwiftPackageProductDependency section */
	};
	rootObject = A1F130BF2B19939100059BBE /* Project object */;
}
