// !$*UTF8*$!
{
	archiveVersion = 1;
	classes = {
	};
	objectVersion = 56;
	objects = {

/* Begin PBXBuildFile section */
		A12B02792B15FE2400A8F158 /* Color+Extension.swift in Sources */ = {isa = PBXBuildFile; fileRef = A12B02782B15FE2400A8F158 /* Color+Extension.swift */; };
		A12B027C2B169C4300A8F158 /* Lottie in Frameworks */ = {isa = PBXBuildFile; productRef = A12B027B2B169C4300A8F158 /* Lottie */; };
		A12B027F2B169C8000A8F158 /* Kingfisher in Frameworks */ = {isa = PBXBuildFile; productRef = A12B027E2B169C8000A8F158 /* Kingfisher */; };
		A12B02832B169CC600A8F158 /* SplashView.swift in Sources */ = {isa = PBXBuildFile; fileRef = A12B02822B169CC600A8F158 /* SplashView.swift */; };
		A12B02862B169D2400A8F158 /* LottieView.swift in Sources */ = {isa = PBXBuildFile; fileRef = A12B02852B169D2400A8F158 /* LottieView.swift */; };
		A12B02892B169E6C00A8F158 /* splash-animation.json in Resources */ = {isa = PBXBuildFile; fileRef = A12B02882B169E6C00A8F158 /* splash-animation.json */; };
		A12B028F2B16A38700A8F158 /* loading-animation.json in Resources */ = {isa = PBXBuildFile; fileRef = A12B028E2B16A38700A8F158 /* loading-animation.json */; };
		A12B02922B16A47D00A8F158 /* LocalFileManager.swift in Sources */ = {isa = PBXBuildFile; fileRef = A12B02912B16A47D00A8F158 /* LocalFileManager.swift */; };
		A12B02962B173C0500A8F158 /* FooterView.swift in Sources */ = {isa = PBXBuildFile; fileRef = A12B02952B173C0500A8F158 /* FooterView.swift */; };
		A12B02982B17416400A8F158 /* DispatchQueue+Extension.swift in Sources */ = {isa = PBXBuildFile; fileRef = A12B02972B17416400A8F158 /* DispatchQueue+Extension.swift */; };
		A12B029C2B175A6500A8F158 /* UserCellView.swift in Sources */ = {isa = PBXBuildFile; fileRef = A12B029B2B175A6500A8F158 /* UserCellView.swift */; };
		A12B029E2B1767CC00A8F158 /* Utilities.swift in Sources */ = {isa = PBXBuildFile; fileRef = A12B029D2B1767CC00A8F158 /* Utilities.swift */; };
		A12B02A42B1784D000A8F158 /* UserPersistenceModel.swift in Sources */ = {isa = PBXBuildFile; fileRef = A12B02A32B1784D000A8F158 /* UserPersistenceModel.swift */; };
		A12B02A72B1785F800A8F158 /* UserPersistenceManager.swift in Sources */ = {isa = PBXBuildFile; fileRef = A12B02A62B1785F800A8F158 /* UserPersistenceManager.swift */; };
		A149B04D2B18749800233E53 /* DetailUserView.swift in Sources */ = {isa = PBXBuildFile; fileRef = A149B04C2B18749800233E53 /* DetailUserView.swift */; };
		A149B0512B18DD8200233E53 /* GetUsersUseCaseTest.swift in Sources */ = {isa = PBXBuildFile; fileRef = A149B0502B18DD8200233E53 /* GetUsersUseCaseTest.swift */; };
		A16F705C2B15EF2300A98A56 /* RandomUserPhoneApp.swift in Sources */ = {isa = PBXBuildFile; fileRef = A16F705B2B15EF2300A98A56 /* RandomUserPhoneApp.swift */; };
		A16F705E2B15EF2300A98A56 /* ContentView.swift in Sources */ = {isa = PBXBuildFile; fileRef = A16F705D2B15EF2300A98A56 /* ContentView.swift */; };
		A16F70602B15EF2400A98A56 /* Assets.xcassets in Resources */ = {isa = PBXBuildFile; fileRef = A16F705F2B15EF2400A98A56 /* Assets.xcassets */; };
		A16F70632B15EF2400A98A56 /* Preview Assets.xcassets in Resources */ = {isa = PBXBuildFile; fileRef = A16F70622B15EF2400A98A56 /* Preview Assets.xcassets */; };
		A16F706D2B15EF2400A98A56 /* RandomUserPhoneTests.swift in Sources */ = {isa = PBXBuildFile; fileRef = A16F706C2B15EF2400A98A56 /* RandomUserPhoneTests.swift */; };
		A16F70772B15EF2400A98A56 /* RandomUserPhoneUITests.swift in Sources */ = {isa = PBXBuildFile; fileRef = A16F70762B15EF2400A98A56 /* RandomUserPhoneUITests.swift */; };
		A16F70792B15EF2400A98A56 /* RandomUserPhoneUITestsLaunchTests.swift in Sources */ = {isa = PBXBuildFile; fileRef = A16F70782B15EF2400A98A56 /* RandomUserPhoneUITestsLaunchTests.swift */; };
		A16F70842B15F11600A98A56 /* GetUsersUsaCase.swift in Sources */ = {isa = PBXBuildFile; fileRef = A176CA482B153D2100DBC189 /* GetUsersUsaCase.swift */; };
		A16F70852B15F11900A98A56 /* ListRequestDTO.swift in Sources */ = {isa = PBXBuildFile; fileRef = A176CA302B14AB8400DBC189 /* ListRequestDTO.swift */; };
		A16F70862B15F11B00A98A56 /* ListResponseDTO.swift in Sources */ = {isa = PBXBuildFile; fileRef = A176CA462B14D39700DBC189 /* ListResponseDTO.swift */; };
		A16F70872B15F11F00A98A56 /* Users.swift in Sources */ = {isa = PBXBuildFile; fileRef = A16F704C2B15D30400A98A56 /* Users.swift */; };
		A16F70882B15F12000A98A56 /* Status.swift in Sources */ = {isa = PBXBuildFile; fileRef = A16F70502B15E7EC00A98A56 /* Status.swift */; };
		A16F70892B15F12400A98A56 /* DashboUsersViewModel.swift in Sources */ = {isa = PBXBuildFile; fileRef = A176CA3D2B14D03900DBC189 /* DashboUsersViewModel.swift */; };
		A16F708A2B15F12700A98A56 /* DashboUsersView.swift in Sources */ = {isa = PBXBuildFile; fileRef = A176C9F82B1495F500DBC189 /* DashboUsersView.swift */; };
		A16F708B2B15F12D00A98A56 /* EnvironmentProperty.swift in Sources */ = {isa = PBXBuildFile; fileRef = A176CA2B2B14A98C00DBC189 /* EnvironmentProperty.swift */; };
		A16F708C2B15F13100A98A56 /* String+Extension.swift in Sources */ = {isa = PBXBuildFile; fileRef = A176CA332B14BFDE00DBC189 /* String+Extension.swift */; };
		A16F708D2B15F13400A98A56 /* DateFormatter+Extension.swift in Sources */ = {isa = PBXBuildFile; fileRef = A16F704A2B15CEFA00A98A56 /* DateFormatter+Extension.swift */; };
		A16F708E2B15F13A00A98A56 /* NetworkUtilities.swift in Sources */ = {isa = PBXBuildFile; fileRef = A176CA222B14A51A00DBC189 /* NetworkUtilities.swift */; };
		A16F708F2B15F13C00A98A56 /* NetworkManager.swift in Sources */ = {isa = PBXBuildFile; fileRef = A176CA272B14A88000DBC189 /* NetworkManager.swift */; };
		A16F70902B15F13F00A98A56 /* NetworkGeneric.swift in Sources */ = {isa = PBXBuildFile; fileRef = A176CA252B14A60300DBC189 /* NetworkGeneric.swift */; };
		A16F70912B15F14100A98A56 /* Constants.swift in Sources */ = {isa = PBXBuildFile; fileRef = A176CA292B14A93C00DBC189 /* Constants.swift */; };
		A16F70922B15F14500A98A56 /* ErrorGeneric.swift in Sources */ = {isa = PBXBuildFile; fileRef = A16F704E2B15DF7500A98A56 /* ErrorGeneric.swift */; };
		A16F70932B15F14B00A98A56 /* randomuser.json in Resources */ = {isa = PBXBuildFile; fileRef = A16F70522B15EB2F00A98A56 /* randomuser.json */; };
/* End PBXBuildFile section */

/* Begin PBXContainerItemProxy section */
		A16F70692B15EF2400A98A56 /* PBXContainerItemProxy */ = {
			isa = PBXContainerItemProxy;
			containerPortal = A176C9EB2B1495F400DBC189 /* Project object */;
			proxyType = 1;
			remoteGlobalIDString = A16F70582B15EF2300A98A56;
			remoteInfo = RandomUserPhone;
		};
		A16F70732B15EF2400A98A56 /* PBXContainerItemProxy */ = {
			isa = PBXContainerItemProxy;
			containerPortal = A176C9EB2B1495F400DBC189 /* Project object */;
			proxyType = 1;
			remoteGlobalIDString = A16F70582B15EF2300A98A56;
			remoteInfo = RandomUserPhone;
		};
/* End PBXContainerItemProxy section */

/* Begin PBXFileReference section */
		A12B02782B15FE2400A8F158 /* Color+Extension.swift */ = {isa = PBXFileReference; lastKnownFileType = sourcecode.swift; path = "Color+Extension.swift"; sourceTree = "<group>"; };
		A12B02822B169CC600A8F158 /* SplashView.swift */ = {isa = PBXFileReference; lastKnownFileType = sourcecode.swift; path = SplashView.swift; sourceTree = "<group>"; };
		A12B02852B169D2400A8F158 /* LottieView.swift */ = {isa = PBXFileReference; lastKnownFileType = sourcecode.swift; path = LottieView.swift; sourceTree = "<group>"; };
		A12B02882B169E6C00A8F158 /* splash-animation.json */ = {isa = PBXFileReference; fileEncoding = 4; lastKnownFileType = text.json; path = "splash-animation.json"; sourceTree = "<group>"; };
		A12B028E2B16A38700A8F158 /* loading-animation.json */ = {isa = PBXFileReference; fileEncoding = 4; lastKnownFileType = text.json; path = "loading-animation.json"; sourceTree = "<group>"; };
		A12B02912B16A47D00A8F158 /* LocalFileManager.swift */ = {isa = PBXFileReference; lastKnownFileType = sourcecode.swift; path = LocalFileManager.swift; sourceTree = "<group>"; };
		A12B02952B173C0500A8F158 /* FooterView.swift */ = {isa = PBXFileReference; lastKnownFileType = sourcecode.swift; path = FooterView.swift; sourceTree = "<group>"; };
		A12B02972B17416400A8F158 /* DispatchQueue+Extension.swift */ = {isa = PBXFileReference; lastKnownFileType = sourcecode.swift; path = "DispatchQueue+Extension.swift"; sourceTree = "<group>"; };
		A12B029B2B175A6500A8F158 /* UserCellView.swift */ = {isa = PBXFileReference; lastKnownFileType = sourcecode.swift; path = UserCellView.swift; sourceTree = "<group>"; };
		A12B029D2B1767CC00A8F158 /* Utilities.swift */ = {isa = PBXFileReference; lastKnownFileType = sourcecode.swift; path = Utilities.swift; sourceTree = "<group>"; };
		A12B02A32B1784D000A8F158 /* UserPersistenceModel.swift */ = {isa = PBXFileReference; lastKnownFileType = sourcecode.swift; path = UserPersistenceModel.swift; sourceTree = "<group>"; };
		A12B02A62B1785F800A8F158 /* UserPersistenceManager.swift */ = {isa = PBXFileReference; lastKnownFileType = sourcecode.swift; path = UserPersistenceManager.swift; sourceTree = "<group>"; };
		A149B04C2B18749800233E53 /* DetailUserView.swift */ = {isa = PBXFileReference; lastKnownFileType = sourcecode.swift; path = DetailUserView.swift; sourceTree = "<group>"; };
		A149B0502B18DD8200233E53 /* GetUsersUseCaseTest.swift */ = {isa = PBXFileReference; lastKnownFileType = sourcecode.swift; path = GetUsersUseCaseTest.swift; sourceTree = "<group>"; };
		A16F704A2B15CEFA00A98A56 /* DateFormatter+Extension.swift */ = {isa = PBXFileReference; lastKnownFileType = sourcecode.swift; path = "DateFormatter+Extension.swift"; sourceTree = "<group>"; };
		A16F704C2B15D30400A98A56 /* Users.swift */ = {isa = PBXFileReference; lastKnownFileType = sourcecode.swift; path = Users.swift; sourceTree = "<group>"; };
		A16F704E2B15DF7500A98A56 /* ErrorGeneric.swift */ = {isa = PBXFileReference; lastKnownFileType = sourcecode.swift; path = ErrorGeneric.swift; sourceTree = "<group>"; };
		A16F70502B15E7EC00A98A56 /* Status.swift */ = {isa = PBXFileReference; lastKnownFileType = sourcecode.swift; path = Status.swift; sourceTree = "<group>"; };
		A16F70522B15EB2F00A98A56 /* randomuser.json */ = {isa = PBXFileReference; fileEncoding = 4; lastKnownFileType = text.json; path = randomuser.json; sourceTree = "<group>"; };
		A16F70592B15EF2300A98A56 /* RandomUserPhone.app */ = {isa = PBXFileReference; explicitFileType = wrapper.application; includeInIndex = 0; path = RandomUserPhone.app; sourceTree = BUILT_PRODUCTS_DIR; };
		A16F705B2B15EF2300A98A56 /* RandomUserPhoneApp.swift */ = {isa = PBXFileReference; lastKnownFileType = sourcecode.swift; path = RandomUserPhoneApp.swift; sourceTree = "<group>"; };
		A16F705D2B15EF2300A98A56 /* ContentView.swift */ = {isa = PBXFileReference; lastKnownFileType = sourcecode.swift; path = ContentView.swift; sourceTree = "<group>"; };
		A16F705F2B15EF2400A98A56 /* Assets.xcassets */ = {isa = PBXFileReference; lastKnownFileType = folder.assetcatalog; path = Assets.xcassets; sourceTree = "<group>"; };
		A16F70622B15EF2400A98A56 /* Preview Assets.xcassets */ = {isa = PBXFileReference; lastKnownFileType = folder.assetcatalog; path = "Preview Assets.xcassets"; sourceTree = "<group>"; };
		A16F70682B15EF2400A98A56 /* RandomUserPhoneTests.xctest */ = {isa = PBXFileReference; explicitFileType = wrapper.cfbundle; includeInIndex = 0; path = RandomUserPhoneTests.xctest; sourceTree = BUILT_PRODUCTS_DIR; };
		A16F706C2B15EF2400A98A56 /* RandomUserPhoneTests.swift */ = {isa = PBXFileReference; lastKnownFileType = sourcecode.swift; path = RandomUserPhoneTests.swift; sourceTree = "<group>"; };
		A16F70722B15EF2400A98A56 /* RandomUserPhoneUITests.xctest */ = {isa = PBXFileReference; explicitFileType = wrapper.cfbundle; includeInIndex = 0; path = RandomUserPhoneUITests.xctest; sourceTree = BUILT_PRODUCTS_DIR; };
		A16F70762B15EF2400A98A56 /* RandomUserPhoneUITests.swift */ = {isa = PBXFileReference; lastKnownFileType = sourcecode.swift; path = RandomUserPhoneUITests.swift; sourceTree = "<group>"; };
		A16F70782B15EF2400A98A56 /* RandomUserPhoneUITestsLaunchTests.swift */ = {isa = PBXFileReference; lastKnownFileType = sourcecode.swift; path = RandomUserPhoneUITestsLaunchTests.swift; sourceTree = "<group>"; };
		A16F70942B15F1D000A98A56 /* Info.plist */ = {isa = PBXFileReference; fileEncoding = 4; lastKnownFileType = text.plist.xml; path = Info.plist; sourceTree = "<group>"; };
		A176C9F82B1495F500DBC189 /* DashboUsersView.swift */ = {isa = PBXFileReference; lastKnownFileType = sourcecode.swift; path = DashboUsersView.swift; sourceTree = "<group>"; };
		A176CA222B14A51A00DBC189 /* NetworkUtilities.swift */ = {isa = PBXFileReference; lastKnownFileType = sourcecode.swift; path = NetworkUtilities.swift; sourceTree = "<group>"; };
		A176CA252B14A60300DBC189 /* NetworkGeneric.swift */ = {isa = PBXFileReference; lastKnownFileType = sourcecode.swift; path = NetworkGeneric.swift; sourceTree = "<group>"; };
		A176CA272B14A88000DBC189 /* NetworkManager.swift */ = {isa = PBXFileReference; lastKnownFileType = sourcecode.swift; path = NetworkManager.swift; sourceTree = "<group>"; };
		A176CA292B14A93C00DBC189 /* Constants.swift */ = {isa = PBXFileReference; lastKnownFileType = sourcecode.swift; path = Constants.swift; sourceTree = "<group>"; };
		A176CA2B2B14A98C00DBC189 /* EnvironmentProperty.swift */ = {isa = PBXFileReference; lastKnownFileType = sourcecode.swift; path = EnvironmentProperty.swift; sourceTree = "<group>"; };
		A176CA2E2B14AA1400DBC189 /* Debug.xcconfig */ = {isa = PBXFileReference; fileEncoding = 4; lastKnownFileType = text.xcconfig; path = Debug.xcconfig; sourceTree = "<group>"; };
		A176CA2F2B14AA3700DBC189 /* Release.xcconfig */ = {isa = PBXFileReference; lastKnownFileType = text.xcconfig; path = Release.xcconfig; sourceTree = "<group>"; };
		A176CA302B14AB8400DBC189 /* ListRequestDTO.swift */ = {isa = PBXFileReference; lastKnownFileType = sourcecode.swift; path = ListRequestDTO.swift; sourceTree = "<group>"; };
		A176CA332B14BFDE00DBC189 /* String+Extension.swift */ = {isa = PBXFileReference; lastKnownFileType = sourcecode.swift; path = "String+Extension.swift"; sourceTree = "<group>"; };
		A176CA3D2B14D03900DBC189 /* DashboUsersViewModel.swift */ = {isa = PBXFileReference; lastKnownFileType = sourcecode.swift; path = DashboUsersViewModel.swift; sourceTree = "<group>"; };
		A176CA462B14D39700DBC189 /* ListResponseDTO.swift */ = {isa = PBXFileReference; lastKnownFileType = sourcecode.swift; path = ListResponseDTO.swift; sourceTree = "<group>"; };
		A176CA482B153D2100DBC189 /* GetUsersUsaCase.swift */ = {isa = PBXFileReference; lastKnownFileType = sourcecode.swift; path = GetUsersUsaCase.swift; sourceTree = "<group>"; };
/* End PBXFileReference section */

/* Begin PBXFrameworksBuildPhase section */
		A16F70562B15EF2300A98A56 /* Frameworks */ = {
			isa = PBXFrameworksBuildPhase;
			buildActionMask = 2147483647;
			files = (
				A12B027F2B169C8000A8F158 /* Kingfisher in Frameworks */,
				A12B027C2B169C4300A8F158 /* Lottie in Frameworks */,
			);
			runOnlyForDeploymentPostprocessing = 0;
		};
		A16F70652B15EF2400A98A56 /* Frameworks */ = {
			isa = PBXFrameworksBuildPhase;
			buildActionMask = 2147483647;
			files = (
			);
			runOnlyForDeploymentPostprocessing = 0;
		};
		A16F706F2B15EF2400A98A56 /* Frameworks */ = {
			isa = PBXFrameworksBuildPhase;
			buildActionMask = 2147483647;
			files = (
			);
			runOnlyForDeploymentPostprocessing = 0;
		};
/* End PBXFrameworksBuildPhase section */

/* Begin PBXGroup section */
		A12B02802B169CB300A8F158 /* Splash */ = {
			isa = PBXGroup;
			children = (
				A12B02812B169CBD00A8F158 /* View */,
			);
			path = Splash;
			sourceTree = "<group>";
		};
		A12B02812B169CBD00A8F158 /* View */ = {
			isa = PBXGroup;
			children = (
				A12B02822B169CC600A8F158 /* SplashView.swift */,
			);
			path = View;
			sourceTree = "<group>";
		};
		A12B02842B169CE500A8F158 /* View */ = {
			isa = PBXGroup;
			children = (
				A12B02952B173C0500A8F158 /* FooterView.swift */,
				A12B02852B169D2400A8F158 /* LottieView.swift */,
			);
			path = View;
			sourceTree = "<group>";
		};
		A12B02872B169E4A00A8F158 /* Resource */ = {
			isa = PBXGroup;
			children = (
				A12B028E2B16A38700A8F158 /* loading-animation.json */,
				A12B02882B169E6C00A8F158 /* splash-animation.json */,
			);
			path = Resource;
			sourceTree = "<group>";
		};
		A12B02902B16A46E00A8F158 /* Persistence */ = {
			isa = PBXGroup;
			children = (
				A12B02A52B1785A700A8F158 /* Model */,
				A12B02912B16A47D00A8F158 /* LocalFileManager.swift */,
				A12B02A62B1785F800A8F158 /* UserPersistenceManager.swift */,
			);
			path = Persistence;
			sourceTree = "<group>";
		};
		A12B02A52B1785A700A8F158 /* Model */ = {
			isa = PBXGroup;
			children = (
				A12B02A32B1784D000A8F158 /* UserPersistenceModel.swift */,
			);
			path = Model;
			sourceTree = "<group>";
		};
		A149B04A2B18743B00233E53 /* Detail */ = {
			isa = PBXGroup;
			children = (
				A149B04B2B18747300233E53 /* View */,
			);
			path = Detail;
			sourceTree = "<group>";
		};
		A149B04B2B18747300233E53 /* View */ = {
			isa = PBXGroup;
			children = (
				A149B04C2B18749800233E53 /* DetailUserView.swift */,
			);
			path = View;
			sourceTree = "<group>";
		};
		A149B04E2B18DD2600233E53 /* Dashbo */ = {
			isa = PBXGroup;
			children = (
				A149B04F2B18DD6F00233E53 /* UseCase */,
			);
			path = Dashbo;
			sourceTree = "<group>";
		};
		A149B04F2B18DD6F00233E53 /* UseCase */ = {
			isa = PBXGroup;
			children = (
				A149B0502B18DD8200233E53 /* GetUsersUseCaseTest.swift */,
			);
			path = UseCase;
			sourceTree = "<group>";
		};
		A16F705A2B15EF2300A98A56 /* RandomUserPhone */ = {
			isa = PBXGroup;
			children = (
				A16F70942B15F1D000A98A56 /* Info.plist */,
				A176CA3F2B14D28000DBC189 /* Source */,
				A176CA362B14C22C00DBC189 /* Core */,
				A176CA322B14BFC200DBC189 /* Extensions */,
				A176CA212B14A4EC00DBC189 /* Common */,
				A12B02872B169E4A00A8F158 /* Resource */,
				A16F705B2B15EF2300A98A56 /* RandomUserPhoneApp.swift */,
				A16F705D2B15EF2300A98A56 /* ContentView.swift */,
				A16F705F2B15EF2400A98A56 /* Assets.xcassets */,
				A16F70612B15EF2400A98A56 /* Preview Content */,
			);
			path = RandomUserPhone;
			sourceTree = "<group>";
		};
		A16F70612B15EF2400A98A56 /* Preview Content */ = {
			isa = PBXGroup;
			children = (
				A16F70522B15EB2F00A98A56 /* randomuser.json */,
				A16F70622B15EF2400A98A56 /* Preview Assets.xcassets */,
			);
			path = "Preview Content";
			sourceTree = "<group>";
		};
		A16F706B2B15EF2400A98A56 /* RandomUserPhoneTests */ = {
			isa = PBXGroup;
			children = (
				A149B04E2B18DD2600233E53 /* Dashbo */,
				A16F706C2B15EF2400A98A56 /* RandomUserPhoneTests.swift */,
			);
			path = RandomUserPhoneTests;
			sourceTree = "<group>";
		};
		A16F70752B15EF2400A98A56 /* RandomUserPhoneUITests */ = {
			isa = PBXGroup;
			children = (
				A16F70762B15EF2400A98A56 /* RandomUserPhoneUITests.swift */,
				A16F70782B15EF2400A98A56 /* RandomUserPhoneUITestsLaunchTests.swift */,
			);
			path = RandomUserPhoneUITests;
			sourceTree = "<group>";
		};
		A176C9EA2B1495F400DBC189 = {
			isa = PBXGroup;
			children = (
				A16F705A2B15EF2300A98A56 /* RandomUserPhone */,
				A16F706B2B15EF2400A98A56 /* RandomUserPhoneTests */,
				A16F70752B15EF2400A98A56 /* RandomUserPhoneUITests */,
				A176C9F42B1495F500DBC189 /* Products */,
			);
			sourceTree = "<group>";
		};
		A176C9F42B1495F500DBC189 /* Products */ = {
			isa = PBXGroup;
			children = (
				A16F70592B15EF2300A98A56 /* RandomUserPhone.app */,
				A16F70682B15EF2400A98A56 /* RandomUserPhoneTests.xctest */,
				A16F70722B15EF2400A98A56 /* RandomUserPhoneUITests.xctest */,
			);
			name = Products;
			sourceTree = "<group>";
		};
		A176CA212B14A4EC00DBC189 /* Common */ = {
			isa = PBXGroup;
			children = (
				A12B02842B169CE500A8F158 /* View */,
				A176CA352B14C12B00DBC189 /* Network */,
				A176CA292B14A93C00DBC189 /* Constants.swift */,
				A16F704E2B15DF7500A98A56 /* ErrorGeneric.swift */,
				A12B029D2B1767CC00A8F158 /* Utilities.swift */,
			);
			path = Common;
			sourceTree = "<group>";
		};
		A176CA2D2B14A9CB00DBC189 /* Configuration */ = {
			isa = PBXGroup;
			children = (
				A176CA2B2B14A98C00DBC189 /* EnvironmentProperty.swift */,
				A176CA2E2B14AA1400DBC189 /* Debug.xcconfig */,
				A176CA2F2B14AA3700DBC189 /* Release.xcconfig */,
			);
			path = Configuration;
			sourceTree = "<group>";
		};
		A176CA322B14BFC200DBC189 /* Extensions */ = {
			isa = PBXGroup;
			children = (
				A176CA332B14BFDE00DBC189 /* String+Extension.swift */,
				A16F704A2B15CEFA00A98A56 /* DateFormatter+Extension.swift */,
				A12B02782B15FE2400A8F158 /* Color+Extension.swift */,
				A12B02972B17416400A8F158 /* DispatchQueue+Extension.swift */,
			);
			path = Extensions;
			sourceTree = "<group>";
		};
		A176CA352B14C12B00DBC189 /* Network */ = {
			isa = PBXGroup;
			children = (
				A176CA222B14A51A00DBC189 /* NetworkUtilities.swift */,
				A176CA272B14A88000DBC189 /* NetworkManager.swift */,
				A176CA252B14A60300DBC189 /* NetworkGeneric.swift */,
			);
			path = Network;
			sourceTree = "<group>";
		};
		A176CA362B14C22C00DBC189 /* Core */ = {
			isa = PBXGroup;
			children = (
				A12B02902B16A46E00A8F158 /* Persistence */,
				A176CA2D2B14A9CB00DBC189 /* Configuration */,
			);
			path = Core;
			sourceTree = "<group>";
		};
		A176CA372B14CFB900DBC189 /* Presentation */ = {
			isa = PBXGroup;
			children = (
				A149B04A2B18743B00233E53 /* Detail */,
				A12B02802B169CB300A8F158 /* Splash */,
				A176CA3A2B14D00C00DBC189 /* Dashbo */,
			);
			path = Presentation;
			sourceTree = "<group>";
		};
		A176CA3A2B14D00C00DBC189 /* Dashbo */ = {
			isa = PBXGroup;
			children = (
				A176CA402B14D2D400DBC189 /* Model */,
				A176CA3C2B14D02B00DBC189 /* ViewModel */,
				A176CA3B2B14D02200DBC189 /* View */,
			);
			path = Dashbo;
			sourceTree = "<group>";
		};
		A176CA3B2B14D02200DBC189 /* View */ = {
			isa = PBXGroup;
			children = (
				A176C9F82B1495F500DBC189 /* DashboUsersView.swift */,
				A12B029B2B175A6500A8F158 /* UserCellView.swift */,
			);
			path = View;
			sourceTree = "<group>";
		};
		A176CA3C2B14D02B00DBC189 /* ViewModel */ = {
			isa = PBXGroup;
			children = (
				A176CA3D2B14D03900DBC189 /* DashboUsersViewModel.swift */,
			);
			path = ViewModel;
			sourceTree = "<group>";
		};
		A176CA3F2B14D28000DBC189 /* Source */ = {
			isa = PBXGroup;
			children = (
				A176CA412B14D2E200DBC189 /* Domain */,
				A176CA372B14CFB900DBC189 /* Presentation */,
			);
			path = Source;
			sourceTree = "<group>";
		};
		A176CA402B14D2D400DBC189 /* Model */ = {
			isa = PBXGroup;
			children = (
				A16F704C2B15D30400A98A56 /* Users.swift */,
				A16F70502B15E7EC00A98A56 /* Status.swift */,
			);
			path = Model;
			sourceTree = "<group>";
		};
		A176CA412B14D2E200DBC189 /* Domain */ = {
			isa = PBXGroup;
			children = (
				A176CA422B14D2EE00DBC189 /* Dashbo */,
			);
			path = Domain;
			sourceTree = "<group>";
		};
		A176CA422B14D2EE00DBC189 /* Dashbo */ = {
			isa = PBXGroup;
			children = (
				A176CA442B14D34D00DBC189 /* UseCase */,
				A176CA432B14D33300DBC189 /* Model */,
			);
			path = Dashbo;
			sourceTree = "<group>";
		};
		A176CA432B14D33300DBC189 /* Model */ = {
			isa = PBXGroup;
			children = (
				A176CA302B14AB8400DBC189 /* ListRequestDTO.swift */,
				A176CA462B14D39700DBC189 /* ListResponseDTO.swift */,
			);
			path = Model;
			sourceTree = "<group>";
		};
		A176CA442B14D34D00DBC189 /* UseCase */ = {
			isa = PBXGroup;
			children = (
				A176CA482B153D2100DBC189 /* GetUsersUsaCase.swift */,
			);
			path = UseCase;
			sourceTree = "<group>";
		};
/* End PBXGroup section */

/* Begin PBXNativeTarget section */
		A16F70582B15EF2300A98A56 /* RandomUserPhone */ = {
			isa = PBXNativeTarget;
			buildConfigurationList = A16F707A2B15EF2400A98A56 /* Build configuration list for PBXNativeTarget "RandomUserPhone" */;
			buildPhases = (
				A16F70552B15EF2300A98A56 /* Sources */,
				A16F70562B15EF2300A98A56 /* Frameworks */,
				A16F70572B15EF2300A98A56 /* Resources */,
			);
			buildRules = (
			);
			dependencies = (
			);
			name = RandomUserPhone;
			packageProductDependencies = (
				A12B027B2B169C4300A8F158 /* Lottie */,
				A12B027E2B169C8000A8F158 /* Kingfisher */,
			);
			productName = RandomUserPhone;
			productReference = A16F70592B15EF2300A98A56 /* RandomUserPhone.app */;
			productType = "com.apple.product-type.application";
		};
		A16F70672B15EF2400A98A56 /* RandomUserPhoneTests */ = {
			isa = PBXNativeTarget;
			buildConfigurationList = A16F707D2B15EF2400A98A56 /* Build configuration list for PBXNativeTarget "RandomUserPhoneTests" */;
			buildPhases = (
				A16F70642B15EF2400A98A56 /* Sources */,
				A16F70652B15EF2400A98A56 /* Frameworks */,
				A16F70662B15EF2400A98A56 /* Resources */,
			);
			buildRules = (
			);
			dependencies = (
				A16F706A2B15EF2400A98A56 /* PBXTargetDependency */,
			);
			name = RandomUserPhoneTests;
			productName = RandomUserPhoneTests;
			productReference = A16F70682B15EF2400A98A56 /* RandomUserPhoneTests.xctest */;
			productType = "com.apple.product-type.bundle.unit-test";
		};
		A16F70712B15EF2400A98A56 /* RandomUserPhoneUITests */ = {
			isa = PBXNativeTarget;
			buildConfigurationList = A16F70802B15EF2400A98A56 /* Build configuration list for PBXNativeTarget "RandomUserPhoneUITests" */;
			buildPhases = (
				A16F706E2B15EF2400A98A56 /* Sources */,
				A16F706F2B15EF2400A98A56 /* Frameworks */,
				A16F70702B15EF2400A98A56 /* Resources */,
			);
			buildRules = (
			);
			dependencies = (
				A16F70742B15EF2400A98A56 /* PBXTargetDependency */,
			);
			name = RandomUserPhoneUITests;
			productName = RandomUserPhoneUITests;
			productReference = A16F70722B15EF2400A98A56 /* RandomUserPhoneUITests.xctest */;
			productType = "com.apple.product-type.bundle.ui-testing";
		};
/* End PBXNativeTarget section */

/* Begin PBXProject section */
		A176C9EB2B1495F400DBC189 /* Project object */ = {
			isa = PBXProject;
			attributes = {
				BuildIndependentTargetsInParallel = 1;
				LastSwiftUpdateCheck = 1500;
				LastUpgradeCheck = 1500;
				TargetAttributes = {
					A16F70582B15EF2300A98A56 = {
						CreatedOnToolsVersion = 15.0.1;
					};
					A16F70672B15EF2400A98A56 = {
						CreatedOnToolsVersion = 15.0.1;
						TestTargetID = A16F70582B15EF2300A98A56;
					};
					A16F70712B15EF2400A98A56 = {
						CreatedOnToolsVersion = 15.0.1;
						TestTargetID = A16F70582B15EF2300A98A56;
					};
				};
			};
			buildConfigurationList = A176C9EE2B1495F400DBC189 /* Build configuration list for PBXProject "RandomUser" */;
			compatibilityVersion = "Xcode 14.0";
			developmentRegion = en;
			hasScannedForEncodings = 0;
			knownRegions = (
				en,
				Base,
			);
			mainGroup = A176C9EA2B1495F400DBC189;
			packageReferences = (
				A12B027A2B169C4300A8F158 /* XCRemoteSwiftPackageReference "lottie-ios" */,
				A12B027D2B169C8000A8F158 /* XCRemoteSwiftPackageReference "Kingfisher" */,
			);
			productRefGroup = A176C9F42B1495F500DBC189 /* Products */;
			projectDirPath = "";
			projectRoot = "";
			targets = (
				A16F70582B15EF2300A98A56 /* RandomUserPhone */,
				A16F70672B15EF2400A98A56 /* RandomUserPhoneTests */,
				A16F70712B15EF2400A98A56 /* RandomUserPhoneUITests */,
			);
		};
/* End PBXProject section */

/* Begin PBXResourcesBuildPhase section */
		A16F70572B15EF2300A98A56 /* Resources */ = {
			isa = PBXResourcesBuildPhase;
			buildActionMask = 2147483647;
			files = (
				A16F70932B15F14B00A98A56 /* randomuser.json in Resources */,
				A16F70632B15EF2400A98A56 /* Preview Assets.xcassets in Resources */,
				A16F70602B15EF2400A98A56 /* Assets.xcassets in Resources */,
				A12B02892B169E6C00A8F158 /* splash-animation.json in Resources */,
				A12B028F2B16A38700A8F158 /* loading-animation.json in Resources */,
			);
			runOnlyForDeploymentPostprocessing = 0;
		};
		A16F70662B15EF2400A98A56 /* Resources */ = {
			isa = PBXResourcesBuildPhase;
			buildActionMask = 2147483647;
			files = (
			);
			runOnlyForDeploymentPostprocessing = 0;
		};
		A16F70702B15EF2400A98A56 /* Resources */ = {
			isa = PBXResourcesBuildPhase;
			buildActionMask = 2147483647;
			files = (
			);
			runOnlyForDeploymentPostprocessing = 0;
		};
/* End PBXResourcesBuildPhase section */

/* Begin PBXSourcesBuildPhase section */
		A16F70552B15EF2300A98A56 /* Sources */ = {
			isa = PBXSourcesBuildPhase;
			buildActionMask = 2147483647;
			files = (
				A16F708B2B15F12D00A98A56 /* EnvironmentProperty.swift in Sources */,
				A12B02922B16A47D00A8F158 /* LocalFileManager.swift in Sources */,
				A12B02792B15FE2400A8F158 /* Color+Extension.swift in Sources */,
				A16F70902B15F13F00A98A56 /* NetworkGeneric.swift in Sources */,
				A16F708C2B15F13100A98A56 /* String+Extension.swift in Sources */,
				A16F708D2B15F13400A98A56 /* DateFormatter+Extension.swift in Sources */,
				A12B029C2B175A6500A8F158 /* UserCellView.swift in Sources */,
				A16F705E2B15EF2300A98A56 /* ContentView.swift in Sources */,
				A16F708E2B15F13A00A98A56 /* NetworkUtilities.swift in Sources */,
				A12B02A42B1784D000A8F158 /* UserPersistenceModel.swift in Sources */,
				A12B02862B169D2400A8F158 /* LottieView.swift in Sources */,
				A16F70842B15F11600A98A56 /* GetUsersUsaCase.swift in Sources */,
				A16F70912B15F14100A98A56 /* Constants.swift in Sources */,
				A16F70882B15F12000A98A56 /* Status.swift in Sources */,
				A12B029E2B1767CC00A8F158 /* Utilities.swift in Sources */,
				A12B02A72B1785F800A8F158 /* UserPersistenceManager.swift in Sources */,
				A149B04D2B18749800233E53 /* DetailUserView.swift in Sources */,
				A12B02982B17416400A8F158 /* DispatchQueue+Extension.swift in Sources */,
				A16F705C2B15EF2300A98A56 /* RandomUserPhoneApp.swift in Sources */,
				A16F70922B15F14500A98A56 /* ErrorGeneric.swift in Sources */,
				A16F70892B15F12400A98A56 /* DashboUsersViewModel.swift in Sources */,
				A12B02832B169CC600A8F158 /* SplashView.swift in Sources */,
				A16F70852B15F11900A98A56 /* ListRequestDTO.swift in Sources */,
				A16F708F2B15F13C00A98A56 /* NetworkManager.swift in Sources */,
				A16F70872B15F11F00A98A56 /* Users.swift in Sources */,
				A16F70862B15F11B00A98A56 /* ListResponseDTO.swift in Sources */,
				A16F708A2B15F12700A98A56 /* DashboUsersView.swift in Sources */,
				A12B02962B173C0500A8F158 /* FooterView.swift in Sources */,
			);
			runOnlyForDeploymentPostprocessing = 0;
		};
		A16F70642B15EF2400A98A56 /* Sources */ = {
			isa = PBXSourcesBuildPhase;
			buildActionMask = 2147483647;
			files = (
				A16F706D2B15EF2400A98A56 /* RandomUserPhoneTests.swift in Sources */,
				A149B0512B18DD8200233E53 /* GetUsersUseCaseTest.swift in Sources */,
			);
			runOnlyForDeploymentPostprocessing = 0;
		};
		A16F706E2B15EF2400A98A56 /* Sources */ = {
			isa = PBXSourcesBuildPhase;
			buildActionMask = 2147483647;
			files = (
				A16F70772B15EF2400A98A56 /* RandomUserPhoneUITests.swift in Sources */,
				A16F70792B15EF2400A98A56 /* RandomUserPhoneUITestsLaunchTests.swift in Sources */,
			);
			runOnlyForDeploymentPostprocessing = 0;
		};
/* End PBXSourcesBuildPhase section */

/* Begin PBXTargetDependency section */
		A16F706A2B15EF2400A98A56 /* PBXTargetDependency */ = {
			isa = PBXTargetDependency;
			target = A16F70582B15EF2300A98A56 /* RandomUserPhone */;
			targetProxy = A16F70692B15EF2400A98A56 /* PBXContainerItemProxy */;
		};
		A16F70742B15EF2400A98A56 /* PBXTargetDependency */ = {
			isa = PBXTargetDependency;
			target = A16F70582B15EF2300A98A56 /* RandomUserPhone */;
			targetProxy = A16F70732B15EF2400A98A56 /* PBXContainerItemProxy */;
		};
/* End PBXTargetDependency section */

/* Begin XCBuildConfiguration section */
		A16F707B2B15EF2400A98A56 /* Debug */ = {
			isa = XCBuildConfiguration;
			baseConfigurationReference = A176CA2E2B14AA1400DBC189 /* Debug.xcconfig */;
			buildSettings = {
				ASSETCATALOG_COMPILER_APPICON_NAME = AppIcon;
				ASSETCATALOG_COMPILER_GLOBAL_ACCENT_COLOR_NAME = AccentColor;
				CODE_SIGN_STYLE = Automatic;
				CURRENT_PROJECT_VERSION = 1;
				DEVELOPMENT_ASSET_PATHS = "\"RandomUserPhone/Preview Content\"";
				ENABLE_PREVIEWS = YES;
				GENERATE_INFOPLIST_FILE = YES;
				INFOPLIST_FILE = RandomUserPhone/Info.plist;
				INFOPLIST_KEY_UIApplicationSceneManifest_Generation = YES;
				INFOPLIST_KEY_UIApplicationSupportsIndirectInputEvents = YES;
				INFOPLIST_KEY_UILaunchScreen_Generation = YES;
				INFOPLIST_KEY_UISupportedInterfaceOrientations_iPad = "UIInterfaceOrientationPortrait UIInterfaceOrientationPortraitUpsideDown UIInterfaceOrientationLandscapeLeft UIInterfaceOrientationLandscapeRight";
				INFOPLIST_KEY_UISupportedInterfaceOrientations_iPhone = "UIInterfaceOrientationPortrait UIInterfaceOrientationLandscapeLeft UIInterfaceOrientationLandscapeRight";
				IPHONEOS_DEPLOYMENT_TARGET = 17.0;
				LD_RUNPATH_SEARCH_PATHS = (
					"$(inherited)",
					"@executable_path/Frameworks",
				);
				MARKETING_VERSION = 1.0;
				PRODUCT_BUNDLE_IDENTIFIER = com.jonashio.RandomUserPhone;
				PRODUCT_NAME = "$(TARGET_NAME)";
				SDKROOT = iphoneos;
				SUPPORTED_PLATFORMS = "iphoneos iphonesimulator";
				SUPPORTS_MACCATALYST = NO;
				SUPPORTS_MAC_DESIGNED_FOR_IPHONE_IPAD = NO;
				SWIFT_EMIT_LOC_STRINGS = YES;
				SWIFT_VERSION = 5.0;
				TARGETED_DEVICE_FAMILY = 1;
			};
			name = Debug;
		};
		A16F707C2B15EF2400A98A56 /* Release */ = {
			isa = XCBuildConfiguration;
			baseConfigurationReference = A176CA2E2B14AA1400DBC189 /* Debug.xcconfig */;
			buildSettings = {
				ASSETCATALOG_COMPILER_APPICON_NAME = AppIcon;
				ASSETCATALOG_COMPILER_GLOBAL_ACCENT_COLOR_NAME = AccentColor;
				CODE_SIGN_STYLE = Automatic;
				CURRENT_PROJECT_VERSION = 1;
				DEVELOPMENT_ASSET_PATHS = "\"RandomUserPhone/Preview Content\"";
				ENABLE_PREVIEWS = YES;
				GENERATE_INFOPLIST_FILE = YES;
				INFOPLIST_FILE = RandomUserPhone/Info.plist;
				INFOPLIST_KEY_UIApplicationSceneManifest_Generation = YES;
				INFOPLIST_KEY_UIApplicationSupportsIndirectInputEvents = YES;
				INFOPLIST_KEY_UILaunchScreen_Generation = YES;
				INFOPLIST_KEY_UISupportedInterfaceOrientations_iPad = "UIInterfaceOrientationPortrait UIInterfaceOrientationPortraitUpsideDown UIInterfaceOrientationLandscapeLeft UIInterfaceOrientationLandscapeRight";
				INFOPLIST_KEY_UISupportedInterfaceOrientations_iPhone = "UIInterfaceOrientationPortrait UIInterfaceOrientationLandscapeLeft UIInterfaceOrientationLandscapeRight";
				IPHONEOS_DEPLOYMENT_TARGET = 17.0;
				LD_RUNPATH_SEARCH_PATHS = (
					"$(inherited)",
					"@executable_path/Frameworks",
				);
				MARKETING_VERSION = 1.0;
				PRODUCT_BUNDLE_IDENTIFIER = com.jonashio.RandomUserPhone;
				PRODUCT_NAME = "$(TARGET_NAME)";
				SDKROOT = iphoneos;
				SUPPORTED_PLATFORMS = "iphoneos iphonesimulator";
				SUPPORTS_MACCATALYST = NO;
				SUPPORTS_MAC_DESIGNED_FOR_IPHONE_IPAD = NO;
				SWIFT_EMIT_LOC_STRINGS = YES;
				SWIFT_VERSION = 5.0;
				TARGETED_DEVICE_FAMILY = 1;
				VALIDATE_PRODUCT = YES;
			};
			name = Release;
		};
		A16F707E2B15EF2400A98A56 /* Debug */ = {
			isa = XCBuildConfiguration;
			baseConfigurationReference = A176CA2E2B14AA1400DBC189 /* Debug.xcconfig */;
			buildSettings = {
				ALWAYS_EMBED_SWIFT_STANDARD_LIBRARIES = YES;
				BUNDLE_LOADER = "$(TEST_HOST)";
				CODE_SIGN_STYLE = Automatic;
				CURRENT_PROJECT_VERSION = 1;
				GENERATE_INFOPLIST_FILE = YES;
				IPHONEOS_DEPLOYMENT_TARGET = 17.0;
				MARKETING_VERSION = 1.0;
				PRODUCT_BUNDLE_IDENTIFIER = com.jonashio.RandomUserPhoneTests;
				PRODUCT_NAME = "$(TARGET_NAME)";
				SDKROOT = iphoneos;
				SWIFT_EMIT_LOC_STRINGS = NO;
				SWIFT_VERSION = 5.0;
				TARGETED_DEVICE_FAMILY = "1,2";
				TEST_HOST = "$(BUILT_PRODUCTS_DIR)/RandomUserPhone.app/$(BUNDLE_EXECUTABLE_FOLDER_PATH)/RandomUserPhone";
			};
			name = Debug;
		};
		A16F707F2B15EF2400A98A56 /* Release */ = {
			isa = XCBuildConfiguration;
			baseConfigurationReference = A176CA2E2B14AA1400DBC189 /* Debug.xcconfig */;
			buildSettings = {
				ALWAYS_EMBED_SWIFT_STANDARD_LIBRARIES = YES;
				BUNDLE_LOADER = "$(TEST_HOST)";
				CODE_SIGN_STYLE = Automatic;
				CURRENT_PROJECT_VERSION = 1;
				GENERATE_INFOPLIST_FILE = YES;
				IPHONEOS_DEPLOYMENT_TARGET = 17.0;
				MARKETING_VERSION = 1.0;
				PRODUCT_BUNDLE_IDENTIFIER = com.jonashio.RandomUserPhoneTests;
				PRODUCT_NAME = "$(TARGET_NAME)";
				SDKROOT = iphoneos;
				SWIFT_EMIT_LOC_STRINGS = NO;
				SWIFT_VERSION = 5.0;
				TARGETED_DEVICE_FAMILY = "1,2";
				TEST_HOST = "$(BUILT_PRODUCTS_DIR)/RandomUserPhone.app/$(BUNDLE_EXECUTABLE_FOLDER_PATH)/RandomUserPhone";
				VALIDATE_PRODUCT = YES;
			};
			name = Release;
		};
		A16F70812B15EF2400A98A56 /* Debug */ = {
			isa = XCBuildConfiguration;
			baseConfigurationReference = A176CA2E2B14AA1400DBC189 /* Debug.xcconfig */;
			buildSettings = {
				ALWAYS_EMBED_SWIFT_STANDARD_LIBRARIES = YES;
				CODE_SIGN_STYLE = Automatic;
				CURRENT_PROJECT_VERSION = 1;
				GENERATE_INFOPLIST_FILE = YES;
				IPHONEOS_DEPLOYMENT_TARGET = 17.0;
				MARKETING_VERSION = 1.0;
				PRODUCT_BUNDLE_IDENTIFIER = com.jonashio.RandomUserPhoneUITests;
				PRODUCT_NAME = "$(TARGET_NAME)";
				SDKROOT = iphoneos;
				SWIFT_EMIT_LOC_STRINGS = NO;
				SWIFT_VERSION = 5.0;
				TARGETED_DEVICE_FAMILY = "1,2";
				TEST_TARGET_NAME = RandomUserPhone;
			};
			name = Debug;
		};
		A16F70822B15EF2400A98A56 /* Release */ = {
			isa = XCBuildConfiguration;
			baseConfigurationReference = A176CA2E2B14AA1400DBC189 /* Debug.xcconfig */;
			buildSettings = {
				ALWAYS_EMBED_SWIFT_STANDARD_LIBRARIES = YES;
				CODE_SIGN_STYLE = Automatic;
				CURRENT_PROJECT_VERSION = 1;
				GENERATE_INFOPLIST_FILE = YES;
				IPHONEOS_DEPLOYMENT_TARGET = 17.0;
				MARKETING_VERSION = 1.0;
				PRODUCT_BUNDLE_IDENTIFIER = com.jonashio.RandomUserPhoneUITests;
				PRODUCT_NAME = "$(TARGET_NAME)";
				SDKROOT = iphoneos;
				SWIFT_EMIT_LOC_STRINGS = NO;
				SWIFT_VERSION = 5.0;
				TARGETED_DEVICE_FAMILY = "1,2";
				TEST_TARGET_NAME = RandomUserPhone;
				VALIDATE_PRODUCT = YES;
			};
			name = Release;
		};
		A176CA162B1495F500DBC189 /* Debug */ = {
			isa = XCBuildConfiguration;
			baseConfigurationReference = A176CA2E2B14AA1400DBC189 /* Debug.xcconfig */;
			buildSettings = {
				ALWAYS_SEARCH_USER_PATHS = NO;
				ASSETCATALOG_COMPILER_GENERATE_SWIFT_ASSET_SYMBOL_EXTENSIONS = YES;
				CLANG_ANALYZER_NONNULL = YES;
				CLANG_ANALYZER_NUMBER_OBJECT_CONVERSION = YES_AGGRESSIVE;
				CLANG_CXX_LANGUAGE_STANDARD = "gnu++20";
				CLANG_ENABLE_MODULES = YES;
				CLANG_ENABLE_OBJC_ARC = YES;
				CLANG_ENABLE_OBJC_WEAK = YES;
				CLANG_WARN_BLOCK_CAPTURE_AUTORELEASING = YES;
				CLANG_WARN_BOOL_CONVERSION = YES;
				CLANG_WARN_COMMA = YES;
				CLANG_WARN_CONSTANT_CONVERSION = YES;
				CLANG_WARN_DEPRECATED_OBJC_IMPLEMENTATIONS = YES;
				CLANG_WARN_DIRECT_OBJC_ISA_USAGE = YES_ERROR;
				CLANG_WARN_DOCUMENTATION_COMMENTS = YES;
				CLANG_WARN_EMPTY_BODY = YES;
				CLANG_WARN_ENUM_CONVERSION = YES;
				CLANG_WARN_INFINITE_RECURSION = YES;
				CLANG_WARN_INT_CONVERSION = YES;
				CLANG_WARN_NON_LITERAL_NULL_CONVERSION = YES;
				CLANG_WARN_OBJC_IMPLICIT_RETAIN_SELF = YES;
				CLANG_WARN_OBJC_LITERAL_CONVERSION = YES;
				CLANG_WARN_OBJC_ROOT_CLASS = YES_ERROR;
				CLANG_WARN_QUOTED_INCLUDE_IN_FRAMEWORK_HEADER = YES;
				CLANG_WARN_RANGE_LOOP_ANALYSIS = YES;
				CLANG_WARN_STRICT_PROTOTYPES = YES;
				CLANG_WARN_SUSPICIOUS_MOVE = YES;
				CLANG_WARN_UNGUARDED_AVAILABILITY = YES_AGGRESSIVE;
				CLANG_WARN_UNREACHABLE_CODE = YES;
				CLANG_WARN__DUPLICATE_METHOD_MATCH = YES;
				COPY_PHASE_STRIP = NO;
				DEBUG_INFORMATION_FORMAT = dwarf;
				ENABLE_STRICT_OBJC_MSGSEND = YES;
				ENABLE_TESTABILITY = YES;
				ENABLE_USER_SCRIPT_SANDBOXING = YES;
				GCC_C_LANGUAGE_STANDARD = gnu17;
				GCC_DYNAMIC_NO_PIC = NO;
				GCC_NO_COMMON_BLOCKS = YES;
				GCC_OPTIMIZATION_LEVEL = 0;
				GCC_PREPROCESSOR_DEFINITIONS = (
					"DEBUG=1",
					"$(inherited)",
				);
				GCC_WARN_64_TO_32_BIT_CONVERSION = YES;
				GCC_WARN_ABOUT_RETURN_TYPE = YES_ERROR;
				GCC_WARN_UNDECLARED_SELECTOR = YES;
				GCC_WARN_UNINITIALIZED_AUTOS = YES_AGGRESSIVE;
				GCC_WARN_UNUSED_FUNCTION = YES;
				GCC_WARN_UNUSED_VARIABLE = YES;
				LOCALIZATION_PREFERS_STRING_CATALOGS = YES;
				MTL_ENABLE_DEBUG_INFO = INCLUDE_SOURCE;
				MTL_FAST_MATH = YES;
				ONLY_ACTIVE_ARCH = YES;
				SWIFT_ACTIVE_COMPILATION_CONDITIONS = "DEBUG $(inherited)";
				SWIFT_OPTIMIZATION_LEVEL = "-Onone";
			};
			name = Debug;
		};
		A176CA172B1495F500DBC189 /* Release */ = {
			isa = XCBuildConfiguration;
			baseConfigurationReference = A176CA2E2B14AA1400DBC189 /* Debug.xcconfig */;
			buildSettings = {
				ALWAYS_SEARCH_USER_PATHS = NO;
				ASSETCATALOG_COMPILER_GENERATE_SWIFT_ASSET_SYMBOL_EXTENSIONS = YES;
				CLANG_ANALYZER_NONNULL = YES;
				CLANG_ANALYZER_NUMBER_OBJECT_CONVERSION = YES_AGGRESSIVE;
				CLANG_CXX_LANGUAGE_STANDARD = "gnu++20";
				CLANG_ENABLE_MODULES = YES;
				CLANG_ENABLE_OBJC_ARC = YES;
				CLANG_ENABLE_OBJC_WEAK = YES;
				CLANG_WARN_BLOCK_CAPTURE_AUTORELEASING = YES;
				CLANG_WARN_BOOL_CONVERSION = YES;
				CLANG_WARN_COMMA = YES;
				CLANG_WARN_CONSTANT_CONVERSION = YES;
				CLANG_WARN_DEPRECATED_OBJC_IMPLEMENTATIONS = YES;
				CLANG_WARN_DIRECT_OBJC_ISA_USAGE = YES_ERROR;
				CLANG_WARN_DOCUMENTATION_COMMENTS = YES;
				CLANG_WARN_EMPTY_BODY = YES;
				CLANG_WARN_ENUM_CONVERSION = YES;
				CLANG_WARN_INFINITE_RECURSION = YES;
				CLANG_WARN_INT_CONVERSION = YES;
				CLANG_WARN_NON_LITERAL_NULL_CONVERSION = YES;
				CLANG_WARN_OBJC_IMPLICIT_RETAIN_SELF = YES;
				CLANG_WARN_OBJC_LITERAL_CONVERSION = YES;
				CLANG_WARN_OBJC_ROOT_CLASS = YES_ERROR;
				CLANG_WARN_QUOTED_INCLUDE_IN_FRAMEWORK_HEADER = YES;
				CLANG_WARN_RANGE_LOOP_ANALYSIS = YES;
				CLANG_WARN_STRICT_PROTOTYPES = YES;
				CLANG_WARN_SUSPICIOUS_MOVE = YES;
				CLANG_WARN_UNGUARDED_AVAILABILITY = YES_AGGRESSIVE;
				CLANG_WARN_UNREACHABLE_CODE = YES;
				CLANG_WARN__DUPLICATE_METHOD_MATCH = YES;
				COPY_PHASE_STRIP = NO;
				DEBUG_INFORMATION_FORMAT = "dwarf-with-dsym";
				ENABLE_NS_ASSERTIONS = NO;
				ENABLE_STRICT_OBJC_MSGSEND = YES;
				ENABLE_USER_SCRIPT_SANDBOXING = YES;
				GCC_C_LANGUAGE_STANDARD = gnu17;
				GCC_NO_COMMON_BLOCKS = YES;
				GCC_WARN_64_TO_32_BIT_CONVERSION = YES;
				GCC_WARN_ABOUT_RETURN_TYPE = YES_ERROR;
				GCC_WARN_UNDECLARED_SELECTOR = YES;
				GCC_WARN_UNINITIALIZED_AUTOS = YES_AGGRESSIVE;
				GCC_WARN_UNUSED_FUNCTION = YES;
				GCC_WARN_UNUSED_VARIABLE = YES;
				LOCALIZATION_PREFERS_STRING_CATALOGS = YES;
				MTL_ENABLE_DEBUG_INFO = NO;
				MTL_FAST_MATH = YES;
				SWIFT_COMPILATION_MODE = wholemodule;
			};
			name = Release;
		};
/* End XCBuildConfiguration section */

/* Begin XCConfigurationList section */
		A16F707A2B15EF2400A98A56 /* Build configuration list for PBXNativeTarget "RandomUserPhone" */ = {
			isa = XCConfigurationList;
			buildConfigurations = (
				A16F707B2B15EF2400A98A56 /* Debug */,
				A16F707C2B15EF2400A98A56 /* Release */,
			);
			defaultConfigurationIsVisible = 0;
			defaultConfigurationName = Release;
		};
		A16F707D2B15EF2400A98A56 /* Build configuration list for PBXNativeTarget "RandomUserPhoneTests" */ = {
			isa = XCConfigurationList;
			buildConfigurations = (
				A16F707E2B15EF2400A98A56 /* Debug */,
				A16F707F2B15EF2400A98A56 /* Release */,
			);
			defaultConfigurationIsVisible = 0;
			defaultConfigurationName = Release;
		};
		A16F70802B15EF2400A98A56 /* Build configuration list for PBXNativeTarget "RandomUserPhoneUITests" */ = {
			isa = XCConfigurationList;
			buildConfigurations = (
				A16F70812B15EF2400A98A56 /* Debug */,
				A16F70822B15EF2400A98A56 /* Release */,
			);
			defaultConfigurationIsVisible = 0;
			defaultConfigurationName = Release;
		};
		A176C9EE2B1495F400DBC189 /* Build configuration list for PBXProject "RandomUser" */ = {
			isa = XCConfigurationList;
			buildConfigurations = (
				A176CA162B1495F500DBC189 /* Debug */,
				A176CA172B1495F500DBC189 /* Release */,
			);
			defaultConfigurationIsVisible = 0;
			defaultConfigurationName = Release;
		};
/* End XCConfigurationList section */

/* Begin XCRemoteSwiftPackageReference section */
		A12B027A2B169C4300A8F158 /* XCRemoteSwiftPackageReference "lottie-ios" */ = {
			isa = XCRemoteSwiftPackageReference;
			repositoryURL = "https://github.com/airbnb/lottie-ios.git";
			requirement = {
				kind = upToNextMajorVersion;
				minimumVersion = 4.3.3;
			};
		};
		A12B027D2B169C8000A8F158 /* XCRemoteSwiftPackageReference "Kingfisher" */ = {
			isa = XCRemoteSwiftPackageReference;
			repositoryURL = "https://github.com/onevcat/Kingfisher.git";
			requirement = {
				kind = upToNextMajorVersion;
				minimumVersion = 7.10.0;
			};
		};
/* End XCRemoteSwiftPackageReference section */

/* Begin XCSwiftPackageProductDependency section */
		A12B027B2B169C4300A8F158 /* Lottie */ = {
			isa = XCSwiftPackageProductDependency;
			package = A12B027A2B169C4300A8F158 /* XCRemoteSwiftPackageReference "lottie-ios" */;
			productName = Lottie;
		};
		A12B027E2B169C8000A8F158 /* Kingfisher */ = {
			isa = XCSwiftPackageProductDependency;
			package = A12B027D2B169C8000A8F158 /* XCRemoteSwiftPackageReference "Kingfisher" */;
			productName = Kingfisher;
		};
/* End XCSwiftPackageProductDependency section */
	};
	rootObject = A176C9EB2B1495F400DBC189 /* Project object */;
}
